
Microsoft Visual Studio Solution File, Format Version 12.00
# Visual Studio Version 17
VisualStudioVersion = 17.0.32112.339
MinimumVisualStudioVersion = 10.0.40219.1
Project("{2150E333-8FDC-42A3-9474-1A3956D46DE8}") = "Solution Items", "Solution Items", "{D5BD5701-A950-4E69-8EDA-F40CD0B47278}"
	ProjectSection(SolutionItems) = preProject
		CHANGELOG.md = CHANGELOG.md
		CODE_OF_CONDUCT.md = CODE_OF_CONDUCT.md
		Common.targets = Common.targets
		CONTRIBUTING.md = CONTRIBUTING.md
		LICENCE = LICENCE
		nuget-publish.ps1 = nuget-publish.ps1
		README.md = README.md
		SECURITY.md = SECURITY.md
	EndProjectSection
EndProject
Project("{9A19103F-16F7-4668-BE54-9A1E7A4F7556}") = "CoreEx", "src\CoreEx\CoreEx.csproj", "{A4B64F4F-224D-492C-8B0D-DAB27D510007}"
EndProject
Project("{9A19103F-16F7-4668-BE54-9A1E7A4F7556}") = "CoreEx.Newtonsoft", "src\CoreEx.Newtonsoft\CoreEx.Newtonsoft.csproj", "{14A7663B-134D-4C5E-8C61-4A164F645528}"
EndProject
Project("{2150E333-8FDC-42A3-9474-1A3956D46DE8}") = "Tests", "Tests", "{3145DCB9-98FB-4519-BCC0-75A22A252EDC}"
EndProject
Project("{9A19103F-16F7-4668-BE54-9A1E7A4F7556}") = "CoreEx.Test", "tests\CoreEx.Test\CoreEx.Test.csproj", "{29C58371-9B52-47DA-99A0-D3B696BA74C9}"
EndProject
Project("{9A19103F-16F7-4668-BE54-9A1E7A4F7556}") = "CoreEx.TestFunction", "tests\CoreEx.TestFunction\CoreEx.TestFunction.csproj", "{284E43D8-26F9-4D9C-8C71-9BD4436FBD8A}"
EndProject
Project("{9A19103F-16F7-4668-BE54-9A1E7A4F7556}") = "CoreEx.TestApi", "tests\CoreEx.TestApi\CoreEx.TestApi.csproj", "{AE9992CC-CCC1-46C2-B78C-F8F55A41D4DC}"
EndProject
Project("{9A19103F-16F7-4668-BE54-9A1E7A4F7556}") = "CoreEx.FluentValidation", "src\CoreEx.FluentValidation\CoreEx.FluentValidation.csproj", "{40AFC397-8B33-45D2-B16B-457ABF8C3D8D}"
EndProject
Project("{2150E333-8FDC-42A3-9474-1A3956D46DE8}") = "src", "src", "{4B6BC31E-93B1-42B0-AE09-AD85AC4DB657}"
EndProject
Project("{2150E333-8FDC-42A3-9474-1A3956D46DE8}") = "samples", "samples", "{1B711C83-4E75-4A94-9B89-09DF08FF6602}"
EndProject
Project("{2150E333-8FDC-42A3-9474-1A3956D46DE8}") = "My.Hr", "My.Hr", "{F53B0E83-87F8-4679-94B8-268FE6A9C0AD}"
	ProjectSection(SolutionItems) = preProject
		docker-compose.myHr.override.yml = docker-compose.myHr.override.yml
		docker-compose.myHr.yml = docker-compose.myHr.yml
	EndProjectSection
EndProject
Project("{9A19103F-16F7-4668-BE54-9A1E7A4F7556}") = "My.Hr.Api", "samples\My.Hr\My.Hr.Api\My.Hr.Api.csproj", "{EC6BE86F-231A-4CA6-974E-27DDD290BCEE}"
EndProject
Project("{9A19103F-16F7-4668-BE54-9A1E7A4F7556}") = "My.Hr.Business", "samples\My.Hr\My.Hr.Business\My.Hr.Business.csproj", "{616C2FB0-02FB-4B9A-8092-325DA728F76F}"
EndProject
Project("{9A19103F-16F7-4668-BE54-9A1E7A4F7556}") = "My.Hr.Functions", "samples\My.Hr\My.Hr.Functions\My.Hr.Functions.csproj", "{8280D72B-3FA8-43D6-95FC-4133F6B415F5}"
EndProject
Project("{9A19103F-16F7-4668-BE54-9A1E7A4F7556}") = "My.Hr.UnitTest", "samples\My.Hr\My.Hr.UnitTest\My.Hr.UnitTest.csproj", "{CB46A8D4-60BE-48C9-9FCC-C62017F195AB}"
EndProject
Project("{9A19103F-16F7-4668-BE54-9A1E7A4F7556}") = "My.Hr.Database", "samples\My.Hr\My.Hr.Database\My.Hr.Database.csproj", "{86CEE51A-CCAB-4E35-835B-9B67C3D637C6}"
EndProject
Project("{9A19103F-16F7-4668-BE54-9A1E7A4F7556}") = "CoreEx.Azure", "src\CoreEx.Azure\CoreEx.Azure.csproj", "{431795AC-9CDC-4562-B422-B633FE725810}"
EndProject
Project("{9A19103F-16F7-4668-BE54-9A1E7A4F7556}") = "CoreEx.Validation", "src\CoreEx.Validation\CoreEx.Validation.csproj", "{4AFA8838-7DF1-487E-8B72-452E4EFA3AD6}"
EndProject
Project("{9A19103F-16F7-4668-BE54-9A1E7A4F7556}") = "CoreEx.Database", "src\CoreEx.Database\CoreEx.Database.csproj", "{6F12636A-4720-4A82-A1F6-ED29E7876F90}"
EndProject
Project("{9A19103F-16F7-4668-BE54-9A1E7A4F7556}") = "CoreEx.EntityFrameworkCore", "src\CoreEx.EntityFrameworkCore\CoreEx.EntityFrameworkCore.csproj", "{9824E0A9-B9A6-49B1-8B7C-A2E157406C66}"
EndProject
Project("{9A19103F-16F7-4668-BE54-9A1E7A4F7556}") = "CoreEx.AutoMapper", "src\CoreEx.AutoMapper\CoreEx.AutoMapper.csproj", "{F3384ADC-1DA8-4538-B991-DBD2BC591AF1}"
EndProject
Project("{9A19103F-16F7-4668-BE54-9A1E7A4F7556}") = "CoreEx.Cosmos", "src\CoreEx.Cosmos\CoreEx.Cosmos.csproj", "{8D0CC3FD-65C2-4302-99F4-A90AC7680E1B}"
EndProject
Project("{9A19103F-16F7-4668-BE54-9A1E7A4F7556}") = "CoreEx.Cosmos.Test", "tests\CoreEx.Cosmos.Test\CoreEx.Cosmos.Test.csproj", "{C8021CF0-006F-427C-827F-B997F26E5FF6}"
EndProject
Project("{9A19103F-16F7-4668-BE54-9A1E7A4F7556}") = "CoreEx.Database.SqlServer", "src\CoreEx.Database.SqlServer\CoreEx.Database.SqlServer.csproj", "{BB2FF5B1-67BC-4EC9-BB51-5980982030C2}"
EndProject
Project("{9A19103F-16F7-4668-BE54-9A1E7A4F7556}") = "CoreEx.Database.MySql", "src\CoreEx.Database.MySql\CoreEx.Database.MySql.csproj", "{9A583DF9-5851-4CE1-97A1-9DC406792022}"
EndProject
Project("{9A19103F-16F7-4668-BE54-9A1E7A4F7556}") = "CoreEx.Solace", "src\CoreEx.Solace\CoreEx.Solace.csproj", "{FB6495D7-931C-4280-9499-69D08A613B54}"
EndProject
Project("{9A19103F-16F7-4668-BE54-9A1E7A4F7556}") = "CoreEx.Solace.Test", "tests\CoreEx.Solace.Test\CoreEx.Solace.Test.csproj", "{B2C31D4A-87EE-4568-859B-DC7E8EA1043D}"
EndProject
Project("{9A19103F-16F7-4668-BE54-9A1E7A4F7556}") = "CoreEx.AspNetCore", "src\CoreEx.AspNetCore\CoreEx.AspNetCore.csproj", "{804FFA4D-D530-46A7-9ECD-D2D42987161E}"
EndProject
Project("{9A19103F-16F7-4668-BE54-9A1E7A4F7556}") = "CoreEx.Dataverse", "src\CoreEx.Dataverse\CoreEx.Dataverse.csproj", "{E7CF0E06-BDC3-49E5-AC52-D65894ED6AFF}"
EndProject
Project("{9A19103F-16F7-4668-BE54-9A1E7A4F7556}") = "CoreEx.OData", "src\CoreEx.OData\CoreEx.OData.csproj", "{2A31E887-0340-47D2-AF80-D88D2866C80E}"
EndProject
Project("{2150E333-8FDC-42A3-9474-1A3956D46DE8}") = "UnitTesting", "UnitTesting", "{D2C61D4A-2A6D-4284-BF9D-09F51BA735B8}"
EndProject
Project("{9A19103F-16F7-4668-BE54-9A1E7A4F7556}") = "CoreEx.UnitTesting", "src\CoreEx.UnitTesting\CoreEx.UnitTesting.csproj", "{AC247FD3-5F9F-4DD2-B0CB-1C9CD1EB98D2}"
EndProject
Project("{9A19103F-16F7-4668-BE54-9A1E7A4F7556}") = "CoreEx.UnitTesting.NUnit", "src\CoreEx.UnitTesting.NUnit\CoreEx.UnitTesting.NUnit.csproj", "{91910971-4B1A-4791-9BB4-65FAB3ED3C76}"
EndProject
Project("{9A19103F-16F7-4668-BE54-9A1E7A4F7556}") = "CoreEx.TestFunctionIso", "tests\CoreEx.TestFunctionIso\CoreEx.TestFunctionIso.csproj", "{6F7B4F1E-3C3A-4CD7-A9BF-973A5053C1C8}"
EndProject
Project("{9A19103F-16F7-4668-BE54-9A1E7A4F7556}") = "CoreEx.Test2", "tests\CoreEx.Test2\CoreEx.Test2.csproj", "{910B5894-46BC-4427-95D6-2804F06458E3}"
EndProject
Project("{9A19103F-16F7-4668-BE54-9A1E7A4F7556}") = "CoreEx.Database.Postgres", "src\CoreEx.Database.Postgres\CoreEx.Database.Postgres.csproj", "{C042AC2A-415D-432E-83FA-B911FD9ED378}"
EndProject
Project("{FAE04EC0-301F-11D3-BF4B-00C04F79EFBC}") = "CoreEx.Data", "src\CoreEx.Data\CoreEx.Data.csproj", "{B927138A-1DCA-4BA6-A9E5-E5DA6446DABC}"
EndProject
Global
	GlobalSection(SolutionConfigurationPlatforms) = preSolution
		Debug|Any CPU = Debug|Any CPU
		Release|Any CPU = Release|Any CPU
	EndGlobalSection
	GlobalSection(ProjectConfigurationPlatforms) = postSolution
		{A4B64F4F-224D-492C-8B0D-DAB27D510007}.Debug|Any CPU.ActiveCfg = Debug|Any CPU
		{A4B64F4F-224D-492C-8B0D-DAB27D510007}.Debug|Any CPU.Build.0 = Debug|Any CPU
		{A4B64F4F-224D-492C-8B0D-DAB27D510007}.Release|Any CPU.ActiveCfg = Release|Any CPU
		{A4B64F4F-224D-492C-8B0D-DAB27D510007}.Release|Any CPU.Build.0 = Release|Any CPU
		{14A7663B-134D-4C5E-8C61-4A164F645528}.Debug|Any CPU.ActiveCfg = Debug|Any CPU
		{14A7663B-134D-4C5E-8C61-4A164F645528}.Debug|Any CPU.Build.0 = Debug|Any CPU
		{14A7663B-134D-4C5E-8C61-4A164F645528}.Release|Any CPU.ActiveCfg = Release|Any CPU
		{14A7663B-134D-4C5E-8C61-4A164F645528}.Release|Any CPU.Build.0 = Release|Any CPU
		{29C58371-9B52-47DA-99A0-D3B696BA74C9}.Debug|Any CPU.ActiveCfg = Debug|Any CPU
		{29C58371-9B52-47DA-99A0-D3B696BA74C9}.Debug|Any CPU.Build.0 = Debug|Any CPU
		{29C58371-9B52-47DA-99A0-D3B696BA74C9}.Release|Any CPU.ActiveCfg = Release|Any CPU
		{29C58371-9B52-47DA-99A0-D3B696BA74C9}.Release|Any CPU.Build.0 = Release|Any CPU
		{284E43D8-26F9-4D9C-8C71-9BD4436FBD8A}.Debug|Any CPU.ActiveCfg = Debug|Any CPU
		{284E43D8-26F9-4D9C-8C71-9BD4436FBD8A}.Debug|Any CPU.Build.0 = Debug|Any CPU
		{284E43D8-26F9-4D9C-8C71-9BD4436FBD8A}.Release|Any CPU.ActiveCfg = Release|Any CPU
		{284E43D8-26F9-4D9C-8C71-9BD4436FBD8A}.Release|Any CPU.Build.0 = Release|Any CPU
		{AE9992CC-CCC1-46C2-B78C-F8F55A41D4DC}.Debug|Any CPU.ActiveCfg = Debug|Any CPU
		{AE9992CC-CCC1-46C2-B78C-F8F55A41D4DC}.Debug|Any CPU.Build.0 = Debug|Any CPU
		{AE9992CC-CCC1-46C2-B78C-F8F55A41D4DC}.Release|Any CPU.ActiveCfg = Release|Any CPU
		{AE9992CC-CCC1-46C2-B78C-F8F55A41D4DC}.Release|Any CPU.Build.0 = Release|Any CPU
		{40AFC397-8B33-45D2-B16B-457ABF8C3D8D}.Debug|Any CPU.ActiveCfg = Debug|Any CPU
		{40AFC397-8B33-45D2-B16B-457ABF8C3D8D}.Debug|Any CPU.Build.0 = Debug|Any CPU
		{40AFC397-8B33-45D2-B16B-457ABF8C3D8D}.Release|Any CPU.ActiveCfg = Release|Any CPU
		{40AFC397-8B33-45D2-B16B-457ABF8C3D8D}.Release|Any CPU.Build.0 = Release|Any CPU
		{EC6BE86F-231A-4CA6-974E-27DDD290BCEE}.Debug|Any CPU.ActiveCfg = Debug|Any CPU
		{EC6BE86F-231A-4CA6-974E-27DDD290BCEE}.Debug|Any CPU.Build.0 = Debug|Any CPU
		{EC6BE86F-231A-4CA6-974E-27DDD290BCEE}.Release|Any CPU.ActiveCfg = Release|Any CPU
		{EC6BE86F-231A-4CA6-974E-27DDD290BCEE}.Release|Any CPU.Build.0 = Release|Any CPU
		{616C2FB0-02FB-4B9A-8092-325DA728F76F}.Debug|Any CPU.ActiveCfg = Debug|Any CPU
		{616C2FB0-02FB-4B9A-8092-325DA728F76F}.Debug|Any CPU.Build.0 = Debug|Any CPU
		{616C2FB0-02FB-4B9A-8092-325DA728F76F}.Release|Any CPU.ActiveCfg = Release|Any CPU
		{616C2FB0-02FB-4B9A-8092-325DA728F76F}.Release|Any CPU.Build.0 = Release|Any CPU
		{8280D72B-3FA8-43D6-95FC-4133F6B415F5}.Debug|Any CPU.ActiveCfg = Debug|Any CPU
		{8280D72B-3FA8-43D6-95FC-4133F6B415F5}.Debug|Any CPU.Build.0 = Debug|Any CPU
		{8280D72B-3FA8-43D6-95FC-4133F6B415F5}.Release|Any CPU.ActiveCfg = Release|Any CPU
		{8280D72B-3FA8-43D6-95FC-4133F6B415F5}.Release|Any CPU.Build.0 = Release|Any CPU
		{CB46A8D4-60BE-48C9-9FCC-C62017F195AB}.Debug|Any CPU.ActiveCfg = Debug|Any CPU
		{CB46A8D4-60BE-48C9-9FCC-C62017F195AB}.Debug|Any CPU.Build.0 = Debug|Any CPU
		{CB46A8D4-60BE-48C9-9FCC-C62017F195AB}.Release|Any CPU.ActiveCfg = Release|Any CPU
		{CB46A8D4-60BE-48C9-9FCC-C62017F195AB}.Release|Any CPU.Build.0 = Release|Any CPU
		{86CEE51A-CCAB-4E35-835B-9B67C3D637C6}.Debug|Any CPU.ActiveCfg = Debug|Any CPU
		{86CEE51A-CCAB-4E35-835B-9B67C3D637C6}.Debug|Any CPU.Build.0 = Debug|Any CPU
		{86CEE51A-CCAB-4E35-835B-9B67C3D637C6}.Release|Any CPU.ActiveCfg = Release|Any CPU
		{86CEE51A-CCAB-4E35-835B-9B67C3D637C6}.Release|Any CPU.Build.0 = Release|Any CPU
		{431795AC-9CDC-4562-B422-B633FE725810}.Debug|Any CPU.ActiveCfg = Debug|Any CPU
		{431795AC-9CDC-4562-B422-B633FE725810}.Debug|Any CPU.Build.0 = Debug|Any CPU
		{431795AC-9CDC-4562-B422-B633FE725810}.Release|Any CPU.ActiveCfg = Release|Any CPU
		{431795AC-9CDC-4562-B422-B633FE725810}.Release|Any CPU.Build.0 = Release|Any CPU
		{4AFA8838-7DF1-487E-8B72-452E4EFA3AD6}.Debug|Any CPU.ActiveCfg = Debug|Any CPU
		{4AFA8838-7DF1-487E-8B72-452E4EFA3AD6}.Debug|Any CPU.Build.0 = Debug|Any CPU
		{4AFA8838-7DF1-487E-8B72-452E4EFA3AD6}.Release|Any CPU.ActiveCfg = Release|Any CPU
		{4AFA8838-7DF1-487E-8B72-452E4EFA3AD6}.Release|Any CPU.Build.0 = Release|Any CPU
		{6F12636A-4720-4A82-A1F6-ED29E7876F90}.Debug|Any CPU.ActiveCfg = Debug|Any CPU
		{6F12636A-4720-4A82-A1F6-ED29E7876F90}.Debug|Any CPU.Build.0 = Debug|Any CPU
		{6F12636A-4720-4A82-A1F6-ED29E7876F90}.Release|Any CPU.ActiveCfg = Release|Any CPU
		{6F12636A-4720-4A82-A1F6-ED29E7876F90}.Release|Any CPU.Build.0 = Release|Any CPU
		{9824E0A9-B9A6-49B1-8B7C-A2E157406C66}.Debug|Any CPU.ActiveCfg = Debug|Any CPU
		{9824E0A9-B9A6-49B1-8B7C-A2E157406C66}.Debug|Any CPU.Build.0 = Debug|Any CPU
		{9824E0A9-B9A6-49B1-8B7C-A2E157406C66}.Release|Any CPU.ActiveCfg = Release|Any CPU
		{9824E0A9-B9A6-49B1-8B7C-A2E157406C66}.Release|Any CPU.Build.0 = Release|Any CPU
		{F3384ADC-1DA8-4538-B991-DBD2BC591AF1}.Debug|Any CPU.ActiveCfg = Debug|Any CPU
		{F3384ADC-1DA8-4538-B991-DBD2BC591AF1}.Debug|Any CPU.Build.0 = Debug|Any CPU
		{F3384ADC-1DA8-4538-B991-DBD2BC591AF1}.Release|Any CPU.ActiveCfg = Release|Any CPU
		{F3384ADC-1DA8-4538-B991-DBD2BC591AF1}.Release|Any CPU.Build.0 = Release|Any CPU
		{8D0CC3FD-65C2-4302-99F4-A90AC7680E1B}.Debug|Any CPU.ActiveCfg = Debug|Any CPU
		{8D0CC3FD-65C2-4302-99F4-A90AC7680E1B}.Debug|Any CPU.Build.0 = Debug|Any CPU
		{8D0CC3FD-65C2-4302-99F4-A90AC7680E1B}.Release|Any CPU.ActiveCfg = Release|Any CPU
		{8D0CC3FD-65C2-4302-99F4-A90AC7680E1B}.Release|Any CPU.Build.0 = Release|Any CPU
		{C8021CF0-006F-427C-827F-B997F26E5FF6}.Debug|Any CPU.ActiveCfg = Debug|Any CPU
		{C8021CF0-006F-427C-827F-B997F26E5FF6}.Debug|Any CPU.Build.0 = Debug|Any CPU
		{C8021CF0-006F-427C-827F-B997F26E5FF6}.Release|Any CPU.ActiveCfg = Release|Any CPU
		{C8021CF0-006F-427C-827F-B997F26E5FF6}.Release|Any CPU.Build.0 = Release|Any CPU
		{BB2FF5B1-67BC-4EC9-BB51-5980982030C2}.Debug|Any CPU.ActiveCfg = Debug|Any CPU
		{BB2FF5B1-67BC-4EC9-BB51-5980982030C2}.Debug|Any CPU.Build.0 = Debug|Any CPU
		{BB2FF5B1-67BC-4EC9-BB51-5980982030C2}.Release|Any CPU.ActiveCfg = Release|Any CPU
		{BB2FF5B1-67BC-4EC9-BB51-5980982030C2}.Release|Any CPU.Build.0 = Release|Any CPU
		{9A583DF9-5851-4CE1-97A1-9DC406792022}.Debug|Any CPU.ActiveCfg = Debug|Any CPU
		{9A583DF9-5851-4CE1-97A1-9DC406792022}.Debug|Any CPU.Build.0 = Debug|Any CPU
		{9A583DF9-5851-4CE1-97A1-9DC406792022}.Release|Any CPU.ActiveCfg = Release|Any CPU
		{9A583DF9-5851-4CE1-97A1-9DC406792022}.Release|Any CPU.Build.0 = Release|Any CPU
		{FB6495D7-931C-4280-9499-69D08A613B54}.Debug|Any CPU.ActiveCfg = Debug|Any CPU
		{FB6495D7-931C-4280-9499-69D08A613B54}.Debug|Any CPU.Build.0 = Debug|Any CPU
		{FB6495D7-931C-4280-9499-69D08A613B54}.Release|Any CPU.ActiveCfg = Release|Any CPU
		{FB6495D7-931C-4280-9499-69D08A613B54}.Release|Any CPU.Build.0 = Release|Any CPU
		{B2C31D4A-87EE-4568-859B-DC7E8EA1043D}.Debug|Any CPU.ActiveCfg = Debug|Any CPU
		{B2C31D4A-87EE-4568-859B-DC7E8EA1043D}.Debug|Any CPU.Build.0 = Debug|Any CPU
		{B2C31D4A-87EE-4568-859B-DC7E8EA1043D}.Release|Any CPU.ActiveCfg = Release|Any CPU
		{B2C31D4A-87EE-4568-859B-DC7E8EA1043D}.Release|Any CPU.Build.0 = Release|Any CPU
		{804FFA4D-D530-46A7-9ECD-D2D42987161E}.Debug|Any CPU.ActiveCfg = Debug|Any CPU
		{804FFA4D-D530-46A7-9ECD-D2D42987161E}.Debug|Any CPU.Build.0 = Debug|Any CPU
		{804FFA4D-D530-46A7-9ECD-D2D42987161E}.Release|Any CPU.ActiveCfg = Release|Any CPU
		{804FFA4D-D530-46A7-9ECD-D2D42987161E}.Release|Any CPU.Build.0 = Release|Any CPU
		{E7CF0E06-BDC3-49E5-AC52-D65894ED6AFF}.Debug|Any CPU.ActiveCfg = Debug|Any CPU
		{E7CF0E06-BDC3-49E5-AC52-D65894ED6AFF}.Debug|Any CPU.Build.0 = Debug|Any CPU
		{E7CF0E06-BDC3-49E5-AC52-D65894ED6AFF}.Release|Any CPU.ActiveCfg = Release|Any CPU
		{E7CF0E06-BDC3-49E5-AC52-D65894ED6AFF}.Release|Any CPU.Build.0 = Release|Any CPU
		{2A31E887-0340-47D2-AF80-D88D2866C80E}.Debug|Any CPU.ActiveCfg = Debug|Any CPU
		{2A31E887-0340-47D2-AF80-D88D2866C80E}.Debug|Any CPU.Build.0 = Debug|Any CPU
		{2A31E887-0340-47D2-AF80-D88D2866C80E}.Release|Any CPU.ActiveCfg = Release|Any CPU
		{2A31E887-0340-47D2-AF80-D88D2866C80E}.Release|Any CPU.Build.0 = Release|Any CPU
		{AC247FD3-5F9F-4DD2-B0CB-1C9CD1EB98D2}.Debug|Any CPU.ActiveCfg = Debug|Any CPU
		{AC247FD3-5F9F-4DD2-B0CB-1C9CD1EB98D2}.Debug|Any CPU.Build.0 = Debug|Any CPU
		{AC247FD3-5F9F-4DD2-B0CB-1C9CD1EB98D2}.Release|Any CPU.ActiveCfg = Release|Any CPU
		{AC247FD3-5F9F-4DD2-B0CB-1C9CD1EB98D2}.Release|Any CPU.Build.0 = Release|Any CPU
		{91910971-4B1A-4791-9BB4-65FAB3ED3C76}.Debug|Any CPU.ActiveCfg = Debug|Any CPU
		{91910971-4B1A-4791-9BB4-65FAB3ED3C76}.Debug|Any CPU.Build.0 = Debug|Any CPU
		{91910971-4B1A-4791-9BB4-65FAB3ED3C76}.Release|Any CPU.ActiveCfg = Release|Any CPU
		{91910971-4B1A-4791-9BB4-65FAB3ED3C76}.Release|Any CPU.Build.0 = Release|Any CPU
		{6F7B4F1E-3C3A-4CD7-A9BF-973A5053C1C8}.Debug|Any CPU.ActiveCfg = Debug|Any CPU
		{6F7B4F1E-3C3A-4CD7-A9BF-973A5053C1C8}.Debug|Any CPU.Build.0 = Debug|Any CPU
		{6F7B4F1E-3C3A-4CD7-A9BF-973A5053C1C8}.Release|Any CPU.ActiveCfg = Release|Any CPU
		{6F7B4F1E-3C3A-4CD7-A9BF-973A5053C1C8}.Release|Any CPU.Build.0 = Release|Any CPU
		{910B5894-46BC-4427-95D6-2804F06458E3}.Debug|Any CPU.ActiveCfg = Debug|Any CPU
		{910B5894-46BC-4427-95D6-2804F06458E3}.Debug|Any CPU.Build.0 = Debug|Any CPU
		{910B5894-46BC-4427-95D6-2804F06458E3}.Release|Any CPU.ActiveCfg = Release|Any CPU
		{910B5894-46BC-4427-95D6-2804F06458E3}.Release|Any CPU.Build.0 = Release|Any CPU
		{C042AC2A-415D-432E-83FA-B911FD9ED378}.Debug|Any CPU.ActiveCfg = Debug|Any CPU
		{C042AC2A-415D-432E-83FA-B911FD9ED378}.Debug|Any CPU.Build.0 = Debug|Any CPU
		{C042AC2A-415D-432E-83FA-B911FD9ED378}.Release|Any CPU.ActiveCfg = Release|Any CPU
		{C042AC2A-415D-432E-83FA-B911FD9ED378}.Release|Any CPU.Build.0 = Release|Any CPU
		{B927138A-1DCA-4BA6-A9E5-E5DA6446DABC}.Debug|Any CPU.ActiveCfg = Debug|Any CPU
		{B927138A-1DCA-4BA6-A9E5-E5DA6446DABC}.Debug|Any CPU.Build.0 = Debug|Any CPU
		{B927138A-1DCA-4BA6-A9E5-E5DA6446DABC}.Release|Any CPU.ActiveCfg = Release|Any CPU
		{B927138A-1DCA-4BA6-A9E5-E5DA6446DABC}.Release|Any CPU.Build.0 = Release|Any CPU
	EndGlobalSection
	GlobalSection(SolutionProperties) = preSolution
		HideSolutionNode = FALSE
	EndGlobalSection
	GlobalSection(NestedProjects) = preSolution
		{A4B64F4F-224D-492C-8B0D-DAB27D510007} = {4B6BC31E-93B1-42B0-AE09-AD85AC4DB657}
		{14A7663B-134D-4C5E-8C61-4A164F645528} = {4B6BC31E-93B1-42B0-AE09-AD85AC4DB657}
		{29C58371-9B52-47DA-99A0-D3B696BA74C9} = {3145DCB9-98FB-4519-BCC0-75A22A252EDC}
		{284E43D8-26F9-4D9C-8C71-9BD4436FBD8A} = {3145DCB9-98FB-4519-BCC0-75A22A252EDC}
		{AE9992CC-CCC1-46C2-B78C-F8F55A41D4DC} = {3145DCB9-98FB-4519-BCC0-75A22A252EDC}
		{40AFC397-8B33-45D2-B16B-457ABF8C3D8D} = {4B6BC31E-93B1-42B0-AE09-AD85AC4DB657}
		{F53B0E83-87F8-4679-94B8-268FE6A9C0AD} = {1B711C83-4E75-4A94-9B89-09DF08FF6602}
		{EC6BE86F-231A-4CA6-974E-27DDD290BCEE} = {F53B0E83-87F8-4679-94B8-268FE6A9C0AD}
		{616C2FB0-02FB-4B9A-8092-325DA728F76F} = {F53B0E83-87F8-4679-94B8-268FE6A9C0AD}
		{8280D72B-3FA8-43D6-95FC-4133F6B415F5} = {F53B0E83-87F8-4679-94B8-268FE6A9C0AD}
		{CB46A8D4-60BE-48C9-9FCC-C62017F195AB} = {F53B0E83-87F8-4679-94B8-268FE6A9C0AD}
		{86CEE51A-CCAB-4E35-835B-9B67C3D637C6} = {F53B0E83-87F8-4679-94B8-268FE6A9C0AD}
		{431795AC-9CDC-4562-B422-B633FE725810} = {4B6BC31E-93B1-42B0-AE09-AD85AC4DB657}
		{4AFA8838-7DF1-487E-8B72-452E4EFA3AD6} = {4B6BC31E-93B1-42B0-AE09-AD85AC4DB657}
		{6F12636A-4720-4A82-A1F6-ED29E7876F90} = {4B6BC31E-93B1-42B0-AE09-AD85AC4DB657}
		{9824E0A9-B9A6-49B1-8B7C-A2E157406C66} = {4B6BC31E-93B1-42B0-AE09-AD85AC4DB657}
		{F3384ADC-1DA8-4538-B991-DBD2BC591AF1} = {4B6BC31E-93B1-42B0-AE09-AD85AC4DB657}
		{8D0CC3FD-65C2-4302-99F4-A90AC7680E1B} = {4B6BC31E-93B1-42B0-AE09-AD85AC4DB657}
		{C8021CF0-006F-427C-827F-B997F26E5FF6} = {3145DCB9-98FB-4519-BCC0-75A22A252EDC}
		{BB2FF5B1-67BC-4EC9-BB51-5980982030C2} = {4B6BC31E-93B1-42B0-AE09-AD85AC4DB657}
		{9A583DF9-5851-4CE1-97A1-9DC406792022} = {4B6BC31E-93B1-42B0-AE09-AD85AC4DB657}
		{FB6495D7-931C-4280-9499-69D08A613B54} = {4B6BC31E-93B1-42B0-AE09-AD85AC4DB657}
		{B2C31D4A-87EE-4568-859B-DC7E8EA1043D} = {3145DCB9-98FB-4519-BCC0-75A22A252EDC}
		{804FFA4D-D530-46A7-9ECD-D2D42987161E} = {4B6BC31E-93B1-42B0-AE09-AD85AC4DB657}
		{E7CF0E06-BDC3-49E5-AC52-D65894ED6AFF} = {4B6BC31E-93B1-42B0-AE09-AD85AC4DB657}
		{2A31E887-0340-47D2-AF80-D88D2866C80E} = {4B6BC31E-93B1-42B0-AE09-AD85AC4DB657}
		{D2C61D4A-2A6D-4284-BF9D-09F51BA735B8} = {4B6BC31E-93B1-42B0-AE09-AD85AC4DB657}
		{AC247FD3-5F9F-4DD2-B0CB-1C9CD1EB98D2} = {D2C61D4A-2A6D-4284-BF9D-09F51BA735B8}
		{91910971-4B1A-4791-9BB4-65FAB3ED3C76} = {D2C61D4A-2A6D-4284-BF9D-09F51BA735B8}
		{6F7B4F1E-3C3A-4CD7-A9BF-973A5053C1C8} = {3145DCB9-98FB-4519-BCC0-75A22A252EDC}
		{910B5894-46BC-4427-95D6-2804F06458E3} = {3145DCB9-98FB-4519-BCC0-75A22A252EDC}
		{C042AC2A-415D-432E-83FA-B911FD9ED378} = {4B6BC31E-93B1-42B0-AE09-AD85AC4DB657}
		{B927138A-1DCA-4BA6-A9E5-E5DA6446DABC} = {4B6BC31E-93B1-42B0-AE09-AD85AC4DB657}
	EndGlobalSection
	GlobalSection(ExtensibilityGlobals) = postSolution
		SolutionGuid = {8B4566D2-9B22-4E27-9654-402BDBA6C744}
	EndGlobalSection
EndGlobal
