Microsoft Visual Studio Solution File, Format Version 12.00
# Visual Studio Version 18
VisualStudioVersion = 18.8.11904.113 insiders
MinimumVisualStudioVersion = 10.0.40219.1
Project("{2150E333-8FDC-42A3-9474-1A3956D46DE8}") = "gen", "gen", "{21B44B34-1D47-1312-99D7-9BFB05A71085}"
EndProject
Project("{FAE04EC0-301F-11D3-BF4B-00C04F79EFBC}") = "CoreEx.Generator", "gen\CoreEx.Generator\CoreEx.Generator.csproj", "{54CD8587-0F45-2C2C-7AE4-BB92254202F5}"
EndProject
Project("{2150E333-8FDC-42A3-9474-1A3956D46DE8}") = "samples", "samples", "{5D20AA90-6969-D8BD-9DCD-8634F4692FDA}"
	ProjectSection(SolutionItems) = preProject
		samples\Directory.Build.props = samples\Directory.Build.props
		samples\README.md = samples\README.md
	EndProjectSection
EndProject
Project("{2150E333-8FDC-42A3-9474-1A3956D46DE8}") = "Aspire", "Aspire", "{619FEF78-F55D-0C82-D550-19C61C0C0537}"
EndProject
Project("{FAE04EC0-301F-11D3-BF4B-00C04F79EFBC}") = "Contoso.Aspire", "samples\aspire\Contoso.Aspire\Contoso.Aspire.csproj", "{F5453F81-E4B3-E151-C516-DCFC443B6AAA}"
EndProject
Project("{FAE04EC0-301F-11D3-BF4B-00C04F79EFBC}") = "Contoso.E2E.Runner", "samples\tests\Contoso.E2E.Runner\Contoso.E2E.Runner.csproj", "{EC98B9AF-8F6B-031B-6411-8577A30C6358}"
EndProject
Project("{2150E333-8FDC-42A3-9474-1A3956D46DE8}") = "docs", "docs", "{1E506116-D3A9-5444-9943-9F984DB86E10}"
	ProjectSection(SolutionItems) = preProject
		samples\docs\application-layer.md = samples\docs\application-layer.md
		samples\docs\aspire.md = samples\docs\aspire.md
		samples\docs\contracts-layer.md = samples\docs\contracts-layer.md
		samples\docs\domain-layer.md = samples\docs\domain-layer.md
		samples\docs\hosts-layer.md = samples\docs\hosts-layer.md
		samples\docs\infrastructure-layer.md = samples\docs\infrastructure-layer.md
		samples\docs\layers.md = samples\docs\layers.md
		samples\docs\local-dev.md = samples\docs\local-dev.md
		samples\docs\patterns.md = samples\docs\patterns.md
		samples\docs\testing.md = samples\docs\testing.md
		samples\docs\tooling.md = samples\docs\tooling.md
	EndProjectSection
EndProject
Project("{2150E333-8FDC-42A3-9474-1A3956D46DE8}") = "Orders", "Orders", "{FBD6A4A5-3E27-FD0A-4207-87679B033989}"
EndProject
Project("{2150E333-8FDC-42A3-9474-1A3956D46DE8}") = "hosts", "hosts", "{304111A3-5DA8-49F0-ED7D-EC16F0AFE287}"
EndProject
Project("{FAE04EC0-301F-11D3-BF4B-00C04F79EFBC}") = "Contoso.Order.Workflow.Worker", "samples\src\Contoso.Order.Workflow.Worker\Contoso.Order.Workflow.Worker.csproj", "{1779E981-39DE-10BB-B5C8-D0B7BAEC67B9}"
EndProject
Project("{FAE04EC0-301F-11D3-BF4B-00C04F79EFBC}") = "Contoso.Orders.Api", "samples\src\Contoso.Orders.Api\Contoso.Orders.Api.csproj", "{20CD43DA-9B28-5C15-AEC8-7E8D9F72B812}"
EndProject
Project("{2150E333-8FDC-42A3-9474-1A3956D46DE8}") = "src", "src", "{AD48D992-C541-CC56-41B7-70254729C985}"
EndProject
Project("{FAE04EC0-301F-11D3-BF4B-00C04F79EFBC}") = "Contoso.Order.Workflow.Client", "samples\src\Contoso.Order.Workflow.Client\Contoso.Order.Workflow.Client.csproj", "{C764F355-394F-0BBC-39E6-146293B4F25C}"
EndProject
Project("{FAE04EC0-301F-11D3-BF4B-00C04F79EFBC}") = "Contoso.Order.Workflow.Workflow", "samples\src\Contoso.Order.Workflow.Workflow\Contoso.Order.Workflow.Workflow.csproj", "{B98CB571-1C57-76BC-AE67-F9C20FA7F298}"
EndProject
Project("{FAE04EC0-301F-11D3-BF4B-00C04F79EFBC}") = "Contoso.Orders.Application", "samples\src\Contoso.Orders.Application\Contoso.Orders.Application.csproj", "{640181B6-B5AC-1C43-D47A-EE907D9AF004}"
EndProject
Project("{FAE04EC0-301F-11D3-BF4B-00C04F79EFBC}") = "Contoso.Orders.Contracts", "samples\src\Contoso.Orders.Contracts\Contoso.Orders.Contracts.csproj", "{A72F93D2-AEA9-1720-66B9-0A1AC2BB3C3B}"
EndProject
Project("{FAE04EC0-301F-11D3-BF4B-00C04F79EFBC}") = "Contoso.Orders.Infrastructure", "samples\src\Contoso.Orders.Infrastructure\Contoso.Orders.Infrastructure.csproj", "{58D752E2-8BB6-0D20-65DB-1594F553997E}"
EndProject
Project("{2150E333-8FDC-42A3-9474-1A3956D46DE8}") = "tests", "tests", "{CAE3880D-9E3D-8023-26BE-8AAD16E697AB}"
EndProject
Project("{FAE04EC0-301F-11D3-BF4B-00C04F79EFBC}") = "Contoso.Orders.Test.Api", "samples\tests\Contoso.Orders.Test.Api\Contoso.Orders.Test.Api.csproj", "{E85CABED-D8CD-2895-5285-9B6AA5507EFC}"
EndProject
Project("{FAE04EC0-301F-11D3-BF4B-00C04F79EFBC}") = "Contoso.Orders.Test.Common", "samples\tests\Contoso.Orders.Test.Common\Contoso.Orders.Test.Common.csproj", "{48864ED8-BD74-6B9F-85D0-4A1F0A8EA10D}"
EndProject
Project("{FAE04EC0-301F-11D3-BF4B-00C04F79EFBC}") = "Contoso.Orders.Test.Unit", "samples\tests\Contoso.Orders.Test.Unit\Contoso.Orders.Test.Unit.csproj", "{A8DC818F-AA5F-C313-3DF1-928D8E4B0A02}"
EndProject
Project("{2150E333-8FDC-42A3-9474-1A3956D46DE8}") = "tools", "tools", "{68483975-28EB-06EE-FCF9-5FAC48220FB9}"
EndProject
Project("{FAE04EC0-301F-11D3-BF4B-00C04F79EFBC}") = "Contoso.Orders.Database", "samples\src\Contoso.Orders.Database\Contoso.Orders.Database.csproj", "{85121E88-A238-6CD7-0648-2AA45A7EE4FD}"
EndProject
Project("{2150E333-8FDC-42A3-9474-1A3956D46DE8}") = "Products", "Products", "{56BB41AD-FC91-A5EC-D6D2-57978F310120}"
EndProject
Project("{2150E333-8FDC-42A3-9474-1A3956D46DE8}") = "src", "src", "{48F40B44-1B39-3F77-468F-8962A0FA59FE}"
EndProject
Project("{FAE04EC0-301F-11D3-BF4B-00C04F79EFBC}") = "Contoso.Products.Application", "samples\src\Contoso.Products.Application\Contoso.Products.Application.csproj", "{166E1005-4C41-7CF5-6656-9CFCBB9DE8B5}"
EndProject
Project("{FAE04EC0-301F-11D3-BF4B-00C04F79EFBC}") = "Contoso.Products.Contracts", "samples\src\Contoso.Products.Contracts\Contoso.Products.Contracts.csproj", "{1EAD3A26-B387-DE79-F2C3-57F885CD2D13}"
EndProject
Project("{FAE04EC0-301F-11D3-BF4B-00C04F79EFBC}") = "Contoso.Products.Infrastructure", "samples\src\Contoso.Products.Infrastructure\Contoso.Products.Infrastructure.csproj", "{539E44CB-A709-A281-4871-F6F8A4C11F92}"
EndProject
Project("{2150E333-8FDC-42A3-9474-1A3956D46DE8}") = "hosts", "hosts", "{47FF445A-5ECE-0D42-77D1-FBC8D31B301F}"
EndProject
Project("{FAE04EC0-301F-11D3-BF4B-00C04F79EFBC}") = "Contoso.Products.Api", "samples\src\Contoso.Products.Api\Contoso.Products.Api.csproj", "{F3A98127-9FCF-6B18-D795-8BD6717331F9}"
EndProject
Project("{FAE04EC0-301F-11D3-BF4B-00C04F79EFBC}") = "Contoso.Products.Relay", "samples\src\Contoso.Products.Relay\Contoso.Products.Relay.csproj", "{76F91F52-6E7B-3A21-63A1-345660DB3FEB}"
EndProject
Project("{FAE04EC0-301F-11D3-BF4B-00C04F79EFBC}") = "Contoso.Products.Subscribe", "samples\src\Contoso.Products.Subscribe\Contoso.Products.Subscribe.csproj", "{E5A11A40-C741-8D14-9140-04C0FC6AF6C7}"
EndProject
Project("{2150E333-8FDC-42A3-9474-1A3956D46DE8}") = "tests", "tests", "{1CB20A2D-8C42-CF0D-6043-5164D9A2BF96}"
EndProject
Project("{FAE04EC0-301F-11D3-BF4B-00C04F79EFBC}") = "Contoso.Products.Test.Api", "samples\tests\Contoso.Products.Test.Api\Contoso.Products.Test.Api.csproj", "{17C01ED0-1106-55A3-FAED-926F52FA5F0E}"
EndProject
Project("{FAE04EC0-301F-11D3-BF4B-00C04F79EFBC}") = "Contoso.Products.Test.Common", "samples\tests\Contoso.Products.Test.Common\Contoso.Products.Test.Common.csproj", "{18C6C9D9-EB9F-55D9-4DF2-5D47AC39BF01}"
EndProject
Project("{FAE04EC0-301F-11D3-BF4B-00C04F79EFBC}") = "Contoso.Products.Test.Relay", "samples\tests\Contoso.Products.Test.Relay\Contoso.Products.Test.Relay.csproj", "{5092C1C9-BCDC-DE1A-71D1-8643B161F9B7}"
EndProject
Project("{FAE04EC0-301F-11D3-BF4B-00C04F79EFBC}") = "Contoso.Products.Test.Subscribe", "samples\tests\Contoso.Products.Test.Subscribe\Contoso.Products.Test.Subscribe.csproj", "{0D274948-6B5F-9589-E43C-B2D71C41FABF}"
EndProject
Project("{FAE04EC0-301F-11D3-BF4B-00C04F79EFBC}") = "Contoso.Products.Test.Unit", "samples\tests\Contoso.Products.Test.Unit\Contoso.Products.Test.Unit.csproj", "{7D367D47-A4D1-6FC0-34D4-86BCEA92990B}"
EndProject
Project("{2150E333-8FDC-42A3-9474-1A3956D46DE8}") = "tools", "tools", "{9705C0A1-E9AB-AEE0-6FD1-9EDF62A78620}"
EndProject
Project("{FAE04EC0-301F-11D3-BF4B-00C04F79EFBC}") = "Contoso.Products.CodeGen", "samples\src\Contoso.Products.CodeGen\Contoso.Products.CodeGen.csproj", "{CCFA0357-9423-1ABB-722A-B7A5E88A30B5}"
EndProject
Project("{FAE04EC0-301F-11D3-BF4B-00C04F79EFBC}") = "Contoso.Products.Database", "samples\src\Contoso.Products.Database\Contoso.Products.Database.csproj", "{53C0ADD3-A1A3-5A10-0CA0-8B01BA39F2B9}"
EndProject
Project("{2150E333-8FDC-42A3-9474-1A3956D46DE8}") = "Shopping", "Shopping", "{A8732A47-07D4-8D47-C5B6-F97BD3E38958}"
EndProject
Project("{2150E333-8FDC-42A3-9474-1A3956D46DE8}") = "src", "src", "{C9D48D85-AABB-C41F-1ECF-CC1A9FDD3DF2}"
EndProject
Project("{FAE04EC0-301F-11D3-BF4B-00C04F79EFBC}") = "Contoso.Shopping.Application", "samples\src\Contoso.Shopping.Application\Contoso.Shopping.Application.csproj", "{C5775D51-B206-2F8D-82ED-413CE0884BCC}"
EndProject
Project("{FAE04EC0-301F-11D3-BF4B-00C04F79EFBC}") = "Contoso.Shopping.Contracts", "samples\src\Contoso.Shopping.Contracts\Contoso.Shopping.Contracts.csproj", "{DA97FAC3-C442-357D-BF7E-ADBD4F4F3FE8}"
EndProject
Project("{FAE04EC0-301F-11D3-BF4B-00C04F79EFBC}") = "Contoso.Shopping.Domain", "samples\src\Contoso.Shopping.Domain\Contoso.Shopping.Domain.csproj", "{EBBFE2C0-E114-519F-F3FF-F7B851566DF1}"
EndProject
Project("{FAE04EC0-301F-11D3-BF4B-00C04F79EFBC}") = "Contoso.Shopping.Infrastructure", "samples\src\Contoso.Shopping.Infrastructure\Contoso.Shopping.Infrastructure.csproj", "{F8BA3D53-DCD5-42A4-56A5-971893F60D14}"
EndProject
Project("{2150E333-8FDC-42A3-9474-1A3956D46DE8}") = "hosts", "hosts", "{FDEA7AA6-FCA2-19F5-0D6A-3AB590BA599E}"
EndProject
Project("{FAE04EC0-301F-11D3-BF4B-00C04F79EFBC}") = "Contoso.Shopping.Api", "samples\src\Contoso.Shopping.Api\Contoso.Shopping.Api.csproj", "{8769A8B1-559C-17A5-949B-762ECC85561D}"
EndProject
Project("{FAE04EC0-301F-11D3-BF4B-00C04F79EFBC}") = "Contoso.Shopping.Relay", "samples\src\Contoso.Shopping.Relay\Contoso.Shopping.Relay.csproj", "{92EF0D72-E239-6E7D-0DE7-4B4188082D0A}"
EndProject
Project("{FAE04EC0-301F-11D3-BF4B-00C04F79EFBC}") = "Contoso.Shopping.Subscribe", "samples\src\Contoso.Shopping.Subscribe\Contoso.Shopping.Subscribe.csproj", "{DA7A3683-2913-76F1-7A13-35A0765F6CA1}"
EndProject
Project("{2150E333-8FDC-42A3-9474-1A3956D46DE8}") = "tests", "tests", "{1EDEE56C-4E5B-5153-E988-38698733D7A4}"
EndProject
Project("{FAE04EC0-301F-11D3-BF4B-00C04F79EFBC}") = "Contoso.Shopping.Test.Api", "samples\tests\Contoso.Shopping.Test.Api\Contoso.Shopping.Test.Api.csproj", "{4CB35174-4DE8-EAE1-7AD3-1AB401DF374A}"
EndProject
Project("{FAE04EC0-301F-11D3-BF4B-00C04F79EFBC}") = "Contoso.Shopping.Test.Common", "samples\tests\Contoso.Shopping.Test.Common\Contoso.Shopping.Test.Common.csproj", "{175C2EF4-9EBF-1E78-03BD-A1B569B79218}"
EndProject
Project("{FAE04EC0-301F-11D3-BF4B-00C04F79EFBC}") = "Contoso.Shopping.Test.Subscribe", "samples\tests\Contoso.Shopping.Test.Subscribe\Contoso.Shopping.Test.Subscribe.csproj", "{2F4DF929-C4B2-4A11-E2A7-13E4EC355269}"
EndProject
Project("{FAE04EC0-301F-11D3-BF4B-00C04F79EFBC}") = "Contoso.Shopping.Test.Unit", "samples\tests\Contoso.Shopping.Test.Unit\Contoso.Shopping.Test.Unit.csproj", "{60D956AA-3030-FB48-423C-F561A8157E30}"
EndProject
Project("{2150E333-8FDC-42A3-9474-1A3956D46DE8}") = "tools", "tools", "{FE53E0A4-0616-B5A4-61FB-B03BB5DC12C1}"
EndProject
Project("{FAE04EC0-301F-11D3-BF4B-00C04F79EFBC}") = "Contoso.Shopping.CodeGen", "samples\src\Contoso.Shopping.CodeGen\Contoso.Shopping.CodeGen.csproj", "{88D83B9E-144B-54B9-421D-13C133018F24}"
EndProject
Project("{FAE04EC0-301F-11D3-BF4B-00C04F79EFBC}") = "Contoso.Shopping.Database", "samples\src\Contoso.Shopping.Database\Contoso.Shopping.Database.csproj", "{D1281655-C259-3F9B-6488-B2410D6DF57F}"
EndProject
Project("{2150E333-8FDC-42A3-9474-1A3956D46DE8}") = "schema", "schema", "{42A310E3-0F71-2072-02C4-53C624232677}"
	ProjectSection(SolutionItems) = preProject
		schema\coreex-refdata.json = schema\coreex-refdata.json
	EndProjectSection
EndProject
Project("{2150E333-8FDC-42A3-9474-1A3956D46DE8}") = "servicebus", "servicebus", "{CD818228-55E2-371B-8970-595487E8457D}"
	ProjectSection(SolutionItems) = preProject
		servicebus\Config.json = servicebus\Config.json
	EndProjectSection
EndProject
Project("{2150E333-8FDC-42A3-9474-1A3956D46DE8}") = "Solution Items", "Solution Items", "{089100B1-113F-4E66-888A-E83F3999EAFD}"
	ProjectSection(SolutionItems) = preProject
		.editorconfig = .editorconfig
		.filenesting.json = .filenesting.json
		.gitignore = .gitignore
		CHANGELOG.md = CHANGELOG.md
		CODE_OF_CONDUCT.md = CODE_OF_CONDUCT.md
		CONTRIBUTING.md = CONTRIBUTING.md
		Directory.Packages.props = Directory.Packages.props
		docker-compose.yml = docker-compose.yml
		LICENCE = LICENCE
		nuget-publish.ps1 = nuget-publish.ps1
		README.md = README.md
		SECURITY.md = SECURITY.md
		strong-name-key.snk = strong-name-key.snk
		Version.props = Version.props
	EndProjectSection
EndProject
Project("{2150E333-8FDC-42A3-9474-1A3956D46DE8}") = "src", "src", "{827E0CD3-B72D-47B6-A68D-7590B98EB39B}"
	ProjectSection(SolutionItems) = preProject
		src\Directory.Build.props = src\Directory.Build.props
		src\Directory.Build.targets = src\Directory.Build.targets
		NAMESPACE_README_TEMPLATE.md = NAMESPACE_README_TEMPLATE.md
	EndProjectSection
EndProject
Project("{FAE04EC0-301F-11D3-BF4B-00C04F79EFBC}") = "CoreEx.AspNetCore.NSwag", "src\CoreEx.AspNetCore.NSwag\CoreEx.AspNetCore.NSwag.csproj", "{0BBBAE84-A1E5-F706-9594-4D20E7D98A18}"
EndProject
Project("{FAE04EC0-301F-11D3-BF4B-00C04F79EFBC}") = "CoreEx.AspNetCore", "src\CoreEx.AspNetCore\CoreEx.AspNetCore.csproj", "{F513E16A-CF34-5ADE-3761-FD2DAC95DC62}"
EndProject
Project("{FAE04EC0-301F-11D3-BF4B-00C04F79EFBC}") = "CoreEx.Azure.Messaging.ServiceBus", "src\CoreEx.Azure.Messaging.ServiceBus\CoreEx.Azure.Messaging.ServiceBus.csproj", "{E465AC32-F652-0D7E-EA24-6381795F6CE6}"
EndProject
Project("{FAE04EC0-301F-11D3-BF4B-00C04F79EFBC}") = "CoreEx.Caching.FusionCache", "src\CoreEx.Caching.FusionCache\CoreEx.Caching.FusionCache.csproj", "{DDB7BF96-B196-1349-2365-96B92D22E462}"
EndProject
Project("{FAE04EC0-301F-11D3-BF4B-00C04F79EFBC}") = "CoreEx.CodeGen", "src\CoreEx.CodeGen\CoreEx.CodeGen.csproj", "{DCC0817E-82E5-F60F-672D-BF676943856B}"
EndProject
Project("{FAE04EC0-301F-11D3-BF4B-00C04F79EFBC}") = "CoreEx.Data", "src\CoreEx.Data\CoreEx.Data.csproj", "{63625656-266F-B022-3716-673440A174B7}"
EndProject
Project("{FAE04EC0-301F-11D3-BF4B-00C04F79EFBC}") = "CoreEx.Database.Postgres", "src\CoreEx.Database.Postgres\CoreEx.Database.Postgres.csproj", "{84B1747F-EAF7-21FE-99AA-6CD94A6E0B2A}"
EndProject
Project("{FAE04EC0-301F-11D3-BF4B-00C04F79EFBC}") = "CoreEx.Database.SqlServer", "src\CoreEx.Database.SqlServer\CoreEx.Database.SqlServer.csproj", "{5332C95F-AD2E-210A-C886-EE3558C32C84}"
EndProject
Project("{FAE04EC0-301F-11D3-BF4B-00C04F79EFBC}") = "CoreEx.Database", "src\CoreEx.Database\CoreEx.Database.csproj", "{4F60D4D7-9148-13C9-65DA-ECEDC5BC3F29}"
EndProject
Project("{FAE04EC0-301F-11D3-BF4B-00C04F79EFBC}") = "CoreEx.DomainDriven", "src\CoreEx.DomainDriven\CoreEx.DomainDriven.csproj", "{D4AB5CFD-8801-3E3F-8CB8-263153F40433}"
EndProject
Project("{FAE04EC0-301F-11D3-BF4B-00C04F79EFBC}") = "CoreEx.EntityFrameworkCore", "src\CoreEx.EntityFrameworkCore\CoreEx.EntityFrameworkCore.csproj", "{B4477709-42B4-DFA5-C2A3-FFA992FFE987}"
EndProject
Project("{FAE04EC0-301F-11D3-BF4B-00C04F79EFBC}") = "CoreEx.Events", "src\CoreEx.Events\CoreEx.Events.csproj", "{1FFB81E3-A31C-6B19-5C5F-8280AE93E4D6}"
EndProject
Project("{FAE04EC0-301F-11D3-BF4B-00C04F79EFBC}") = "CoreEx.RefData", "src\CoreEx.RefData\CoreEx.RefData.csproj", "{98CBE19B-8104-EB02-8665-3ABB229DF5EB}"
EndProject
Project("{FAE04EC0-301F-11D3-BF4B-00C04F79EFBC}") = "CoreEx.Template", "src\CoreEx.Template\CoreEx.Template.csproj", "{D62233CD-2291-4BA0-AD10-89FC9883680C}"
EndProject
Project("{FAE04EC0-301F-11D3-BF4B-00C04F79EFBC}") = "CoreEx.UnitTesting", "src\CoreEx.UnitTesting\CoreEx.UnitTesting.csproj", "{19AFCE8B-DCDC-3E7C-CCEA-871CA8FE7BCB}"
EndProject
Project("{FAE04EC0-301F-11D3-BF4B-00C04F79EFBC}") = "CoreEx.Validation", "src\CoreEx.Validation\CoreEx.Validation.csproj", "{8EE9ECD8-881C-BEF2-0469-04677F568C42}"
EndProject
Project("{FAE04EC0-301F-11D3-BF4B-00C04F79EFBC}") = "CoreEx", "src\CoreEx\CoreEx.csproj", "{1AF913D7-D97C-80F3-FC0E-504FFB2701BE}"
EndProject
Project("{2150E333-8FDC-42A3-9474-1A3956D46DE8}") = "tests", "tests", "{0AB3BF05-4346-4AA6-1389-037BE0695223}"
EndProject
Project("{FAE04EC0-301F-11D3-BF4B-00C04F79EFBC}") = "CoreEx.AspNetCore.Test.Api", "tests\CoreEx.AspNetCore.Test.Api\CoreEx.AspNetCore.Test.Api.csproj", "{31603E1B-EC57-22BC-02BC-224C7325B83F}"
EndProject
Project("{FAE04EC0-301F-11D3-BF4B-00C04F79EFBC}") = "CoreEx.AspNetCore.Test.Unit", "tests\CoreEx.AspNetCore.Test.Unit\CoreEx.AspNetCore.Test.Unit.csproj", "{3C6151E0-F611-2745-CC98-42B5135617BC}"
EndProject
Project("{FAE04EC0-301F-11D3-BF4B-00C04F79EFBC}") = "CoreEx.Azure.Messaging.ServiceBus.Test.Unit", "tests\CoreEx.Azure.Messaging.ServiceBus.Test.Unit\CoreEx.Azure.Messaging.ServiceBus.Test.Unit.csproj", "{23742F88-E0B2-7CA5-7691-C3EF53523E9D}"
EndProject
Project("{FAE04EC0-301F-11D3-BF4B-00C04F79EFBC}") = "CoreEx.Caching.Redis.Test.Unit", "tests\CoreEx.Caching.Redis.Test.Unit\CoreEx.Caching.Redis.Test.Unit.csproj", "{D84A3AB7-A7E5-7494-2B0F-354D13ECA3BE}"
EndProject
Project("{FAE04EC0-301F-11D3-BF4B-00C04F79EFBC}") = "CoreEx.Data.Test.Unit", "tests\CoreEx.Data.Test.Unit\CoreEx.Data.Test.Unit.csproj", "{41AAEF6D-5CCE-D8F3-B0C8-CF6DA946688B}"
EndProject
Project("{FAE04EC0-301F-11D3-BF4B-00C04F79EFBC}") = "CoreEx.Database.Postgres.Test.Console", "tests\CoreEx.Database.Postgres.Test.Console\CoreEx.Database.Postgres.Test.Console.csproj", "{4F295E1D-7477-C433-BC02-0C050B7CB8DD}"
EndProject
Project("{FAE04EC0-301F-11D3-BF4B-00C04F79EFBC}") = "CoreEx.Database.Postgres.Test.Unit", "tests\CoreEx.Database.Postgres.Test.Unit\CoreEx.Database.Postgres.Test.Unit.csproj", "{8753614D-FCC0-2C9A-19C4-A69D9377D8A8}"
EndProject
Project("{FAE04EC0-301F-11D3-BF4B-00C04F79EFBC}") = "CoreEx.Database.SqlServer.Test.Console", "tests\CoreEx.Database.SqlServer.Test.Console\CoreEx.Database.SqlServer.Test.Console.csproj", "{69DBD2DB-3C8F-15DB-9257-10DC2A6218B9}"
EndProject
Project("{FAE04EC0-301F-11D3-BF4B-00C04F79EFBC}") = "CoreEx.Database.SqlServer.Test.Unit", "tests\CoreEx.Database.SqlServer.Test.Unit\CoreEx.Database.SqlServer.Test.Unit.csproj", "{785A2E76-A3EB-DD33-5D45-976D353154BE}"
EndProject
Project("{FAE04EC0-301F-11D3-BF4B-00C04F79EFBC}") = "CoreEx.Database.Test.Unit", "tests\CoreEx.Database.Test.Unit\CoreEx.Database.Test.Unit.csproj", "{A39BD9B4-3AFF-AA11-9B67-783E77F1EF35}"
EndProject
Project("{FAE04EC0-301F-11D3-BF4B-00C04F79EFBC}") = "CoreEx.DomainDriven.Test.Unit", "tests\CoreEx.DomainDriven.Test.Unit\CoreEx.DomainDriven.Test.Unit.csproj", "{6A678CFE-284B-9C38-06DD-96E39315EFE9}"
EndProject
Project("{FAE04EC0-301F-11D3-BF4B-00C04F79EFBC}") = "CoreEx.Events.Test.Unit", "tests\CoreEx.Events.Test.Unit\CoreEx.Events.Test.Unit.csproj", "{26896B30-18EB-B25F-2CA1-AA66185F4B33}"
EndProject
Project("{FAE04EC0-301F-11D3-BF4B-00C04F79EFBC}") = "CoreEx.RefData.Test.Unit", "tests\CoreEx.RefData.Test.Unit\CoreEx.RefData.Test.Unit.csproj", "{397CFAD6-B04D-C63E-879B-1CA169A8F75A}"
EndProject
Project("{FAE04EC0-301F-11D3-BF4B-00C04F79EFBC}") = "CoreEx.Test.Unit", "tests\CoreEx.Test.Unit\CoreEx.Test.Unit.csproj", "{83A80E50-2E50-573B-6336-4508D9E4BF30}"
EndProject
Project("{FAE04EC0-301F-11D3-BF4B-00C04F79EFBC}") = "CoreEx.Validation.Test.Unit", "tests\CoreEx.Validation.Test.Unit\CoreEx.Validation.Test.Unit.csproj", "{6F99B103-83BD-C345-0B37-B1AF60DEA827}"
EndProject
Project("{2150E333-8FDC-42A3-9474-1A3956D46DE8}") = "tools", "tools", "{07C2787E-EAC7-C090-1BA3-A61EC2A24D84}"
EndProject
Project("{FAE04EC0-301F-11D3-BF4B-00C04F79EFBC}") = "CoreEx.Tooling.Console", "tools\CoreEx.Tooling.Console\CoreEx.Tooling.Console.csproj", "{46503D23-225E-1D7F-C8D5-60320D711B10}"
EndProject
Global
	GlobalSection(SolutionConfigurationPlatforms) = preSolution
		Debug|Any CPU = Debug|Any CPU
		Debug|x64 = Debug|x64
		Debug|x86 = Debug|x86
		Release|Any CPU = Release|Any CPU
		Release|x64 = Release|x64
		Release|x86 = Release|x86
	EndGlobalSection
	GlobalSection(ProjectConfigurationPlatforms) = postSolution
		{54CD8587-0F45-2C2C-7AE4-BB92254202F5}.Debug|Any CPU.ActiveCfg = Debug|Any CPU
		{54CD8587-0F45-2C2C-7AE4-BB92254202F5}.Debug|Any CPU.Build.0 = Debug|Any CPU
		{54CD8587-0F45-2C2C-7AE4-BB92254202F5}.Debug|x64.ActiveCfg = Debug|Any CPU
		{54CD8587-0F45-2C2C-7AE4-BB92254202F5}.Debug|x64.Build.0 = Debug|Any CPU
		{54CD8587-0F45-2C2C-7AE4-BB92254202F5}.Debug|x86.ActiveCfg = Debug|Any CPU
		{54CD8587-0F45-2C2C-7AE4-BB92254202F5}.Debug|x86.Build.0 = Debug|Any CPU
		{54CD8587-0F45-2C2C-7AE4-BB92254202F5}.Release|Any CPU.ActiveCfg = Release|Any CPU
		{54CD8587-0F45-2C2C-7AE4-BB92254202F5}.Release|Any CPU.Build.0 = Release|Any CPU
		{54CD8587-0F45-2C2C-7AE4-BB92254202F5}.Release|x64.ActiveCfg = Release|Any CPU
		{54CD8587-0F45-2C2C-7AE4-BB92254202F5}.Release|x64.Build.0 = Release|Any CPU
		{54CD8587-0F45-2C2C-7AE4-BB92254202F5}.Release|x86.ActiveCfg = Release|Any CPU
		{54CD8587-0F45-2C2C-7AE4-BB92254202F5}.Release|x86.Build.0 = Release|Any CPU
		{F5453F81-E4B3-E151-C516-DCFC443B6AAA}.Debug|Any CPU.ActiveCfg = Debug|Any CPU
		{F5453F81-E4B3-E151-C516-DCFC443B6AAA}.Debug|Any CPU.Build.0 = Debug|Any CPU
		{F5453F81-E4B3-E151-C516-DCFC443B6AAA}.Debug|x64.ActiveCfg = Debug|Any CPU
		{F5453F81-E4B3-E151-C516-DCFC443B6AAA}.Debug|x64.Build.0 = Debug|Any CPU
		{F5453F81-E4B3-E151-C516-DCFC443B6AAA}.Debug|x86.ActiveCfg = Debug|Any CPU
		{F5453F81-E4B3-E151-C516-DCFC443B6AAA}.Debug|x86.Build.0 = Debug|Any CPU
		{F5453F81-E4B3-E151-C516-DCFC443B6AAA}.Release|Any CPU.ActiveCfg = Release|Any CPU
		{F5453F81-E4B3-E151-C516-DCFC443B6AAA}.Release|Any CPU.Build.0 = Release|Any CPU
		{F5453F81-E4B3-E151-C516-DCFC443B6AAA}.Release|x64.ActiveCfg = Release|Any CPU
		{F5453F81-E4B3-E151-C516-DCFC443B6AAA}.Release|x64.Build.0 = Release|Any CPU
		{F5453F81-E4B3-E151-C516-DCFC443B6AAA}.Release|x86.ActiveCfg = Release|Any CPU
		{F5453F81-E4B3-E151-C516-DCFC443B6AAA}.Release|x86.Build.0 = Release|Any CPU
		{EC98B9AF-8F6B-031B-6411-8577A30C6358}.Debug|Any CPU.ActiveCfg = Debug|Any CPU
		{EC98B9AF-8F6B-031B-6411-8577A30C6358}.Debug|Any CPU.Build.0 = Debug|Any CPU
		{EC98B9AF-8F6B-031B-6411-8577A30C6358}.Debug|x64.ActiveCfg = Debug|Any CPU
		{EC98B9AF-8F6B-031B-6411-8577A30C6358}.Debug|x64.Build.0 = Debug|Any CPU
		{EC98B9AF-8F6B-031B-6411-8577A30C6358}.Debug|x86.ActiveCfg = Debug|Any CPU
		{EC98B9AF-8F6B-031B-6411-8577A30C6358}.Debug|x86.Build.0 = Debug|Any CPU
		{EC98B9AF-8F6B-031B-6411-8577A30C6358}.Release|Any CPU.ActiveCfg = Release|Any CPU
		{EC98B9AF-8F6B-031B-6411-8577A30C6358}.Release|Any CPU.Build.0 = Release|Any CPU
		{EC98B9AF-8F6B-031B-6411-8577A30C6358}.Release|x64.ActiveCfg = Release|Any CPU
		{EC98B9AF-8F6B-031B-6411-8577A30C6358}.Release|x64.Build.0 = Release|Any CPU
		{EC98B9AF-8F6B-031B-6411-8577A30C6358}.Release|x86.ActiveCfg = Release|Any CPU
		{EC98B9AF-8F6B-031B-6411-8577A30C6358}.Release|x86.Build.0 = Release|Any CPU
		{1779E981-39DE-10BB-B5C8-D0B7BAEC67B9}.Debug|Any CPU.ActiveCfg = Debug|Any CPU
		{1779E981-39DE-10BB-B5C8-D0B7BAEC67B9}.Debug|Any CPU.Build.0 = Debug|Any CPU
		{1779E981-39DE-10BB-B5C8-D0B7BAEC67B9}.Debug|x64.ActiveCfg = Debug|Any CPU
		{1779E981-39DE-10BB-B5C8-D0B7BAEC67B9}.Debug|x64.Build.0 = Debug|Any CPU
		{1779E981-39DE-10BB-B5C8-D0B7BAEC67B9}.Debug|x86.ActiveCfg = Debug|Any CPU
		{1779E981-39DE-10BB-B5C8-D0B7BAEC67B9}.Debug|x86.Build.0 = Debug|Any CPU
		{1779E981-39DE-10BB-B5C8-D0B7BAEC67B9}.Release|Any CPU.ActiveCfg = Release|Any CPU
		{1779E981-39DE-10BB-B5C8-D0B7BAEC67B9}.Release|Any CPU.Build.0 = Release|Any CPU
		{1779E981-39DE-10BB-B5C8-D0B7BAEC67B9}.Release|x64.ActiveCfg = Release|Any CPU
		{1779E981-39DE-10BB-B5C8-D0B7BAEC67B9}.Release|x64.Build.0 = Release|Any CPU
		{1779E981-39DE-10BB-B5C8-D0B7BAEC67B9}.Release|x86.ActiveCfg = Release|Any CPU
		{1779E981-39DE-10BB-B5C8-D0B7BAEC67B9}.Release|x86.Build.0 = Release|Any CPU
		{20CD43DA-9B28-5C15-AEC8-7E8D9F72B812}.Debug|Any CPU.ActiveCfg = Debug|Any CPU
		{20CD43DA-9B28-5C15-AEC8-7E8D9F72B812}.Debug|Any CPU.Build.0 = Debug|Any CPU
		{20CD43DA-9B28-5C15-AEC8-7E8D9F72B812}.Debug|x64.ActiveCfg = Debug|Any CPU
		{20CD43DA-9B28-5C15-AEC8-7E8D9F72B812}.Debug|x64.Build.0 = Debug|Any CPU
		{20CD43DA-9B28-5C15-AEC8-7E8D9F72B812}.Debug|x86.ActiveCfg = Debug|Any CPU
		{20CD43DA-9B28-5C15-AEC8-7E8D9F72B812}.Debug|x86.Build.0 = Debug|Any CPU
		{20CD43DA-9B28-5C15-AEC8-7E8D9F72B812}.Release|Any CPU.ActiveCfg = Release|Any CPU
		{20CD43DA-9B28-5C15-AEC8-7E8D9F72B812}.Release|Any CPU.Build.0 = Release|Any CPU
		{20CD43DA-9B28-5C15-AEC8-7E8D9F72B812}.Release|x64.ActiveCfg = Release|Any CPU
		{20CD43DA-9B28-5C15-AEC8-7E8D9F72B812}.Release|x64.Build.0 = Release|Any CPU
		{20CD43DA-9B28-5C15-AEC8-7E8D9F72B812}.Release|x86.ActiveCfg = Release|Any CPU
		{20CD43DA-9B28-5C15-AEC8-7E8D9F72B812}.Release|x86.Build.0 = Release|Any CPU
		{C764F355-394F-0BBC-39E6-146293B4F25C}.Debug|Any CPU.ActiveCfg = Debug|Any CPU
		{C764F355-394F-0BBC-39E6-146293B4F25C}.Debug|Any CPU.Build.0 = Debug|Any CPU
		{C764F355-394F-0BBC-39E6-146293B4F25C}.Debug|x64.ActiveCfg = Debug|Any CPU
		{C764F355-394F-0BBC-39E6-146293B4F25C}.Debug|x64.Build.0 = Debug|Any CPU
		{C764F355-394F-0BBC-39E6-146293B4F25C}.Debug|x86.ActiveCfg = Debug|Any CPU
		{C764F355-394F-0BBC-39E6-146293B4F25C}.Debug|x86.Build.0 = Debug|Any CPU
		{C764F355-394F-0BBC-39E6-146293B4F25C}.Release|Any CPU.ActiveCfg = Release|Any CPU
		{C764F355-394F-0BBC-39E6-146293B4F25C}.Release|Any CPU.Build.0 = Release|Any CPU
		{C764F355-394F-0BBC-39E6-146293B4F25C}.Release|x64.ActiveCfg = Release|Any CPU
		{C764F355-394F-0BBC-39E6-146293B4F25C}.Release|x64.Build.0 = Release|Any CPU
		{C764F355-394F-0BBC-39E6-146293B4F25C}.Release|x86.ActiveCfg = Release|Any CPU
		{C764F355-394F-0BBC-39E6-146293B4F25C}.Release|x86.Build.0 = Release|Any CPU
		{B98CB571-1C57-76BC-AE67-F9C20FA7F298}.Debug|Any CPU.ActiveCfg = Debug|Any CPU
		{B98CB571-1C57-76BC-AE67-F9C20FA7F298}.Debug|Any CPU.Build.0 = Debug|Any CPU
		{B98CB571-1C57-76BC-AE67-F9C20FA7F298}.Debug|x64.ActiveCfg = Debug|Any CPU
		{B98CB571-1C57-76BC-AE67-F9C20FA7F298}.Debug|x64.Build.0 = Debug|Any CPU
		{B98CB571-1C57-76BC-AE67-F9C20FA7F298}.Debug|x86.ActiveCfg = Debug|Any CPU
		{B98CB571-1C57-76BC-AE67-F9C20FA7F298}.Debug|x86.Build.0 = Debug|Any CPU
		{B98CB571-1C57-76BC-AE67-F9C20FA7F298}.Release|Any CPU.ActiveCfg = Release|Any CPU
		{B98CB571-1C57-76BC-AE67-F9C20FA7F298}.Release|Any CPU.Build.0 = Release|Any CPU
		{B98CB571-1C57-76BC-AE67-F9C20FA7F298}.Release|x64.ActiveCfg = Release|Any CPU
		{B98CB571-1C57-76BC-AE67-F9C20FA7F298}.Release|x64.Build.0 = Release|Any CPU
		{B98CB571-1C57-76BC-AE67-F9C20FA7F298}.Release|x86.ActiveCfg = Release|Any CPU
		{B98CB571-1C57-76BC-AE67-F9C20FA7F298}.Release|x86.Build.0 = Release|Any CPU
		{640181B6-B5AC-1C43-D47A-EE907D9AF004}.Debug|Any CPU.ActiveCfg = Debug|Any CPU
		{640181B6-B5AC-1C43-D47A-EE907D9AF004}.Debug|Any CPU.Build.0 = Debug|Any CPU
		{640181B6-B5AC-1C43-D47A-EE907D9AF004}.Debug|x64.ActiveCfg = Debug|Any CPU
		{640181B6-B5AC-1C43-D47A-EE907D9AF004}.Debug|x64.Build.0 = Debug|Any CPU
		{640181B6-B5AC-1C43-D47A-EE907D9AF004}.Debug|x86.ActiveCfg = Debug|Any CPU
		{640181B6-B5AC-1C43-D47A-EE907D9AF004}.Debug|x86.Build.0 = Debug|Any CPU
		{640181B6-B5AC-1C43-D47A-EE907D9AF004}.Release|Any CPU.ActiveCfg = Release|Any CPU
		{640181B6-B5AC-1C43-D47A-EE907D9AF004}.Release|Any CPU.Build.0 = Release|Any CPU
		{640181B6-B5AC-1C43-D47A-EE907D9AF004}.Release|x64.ActiveCfg = Release|Any CPU
		{640181B6-B5AC-1C43-D47A-EE907D9AF004}.Release|x64.Build.0 = Release|Any CPU
		{640181B6-B5AC-1C43-D47A-EE907D9AF004}.Release|x86.ActiveCfg = Release|Any CPU
		{640181B6-B5AC-1C43-D47A-EE907D9AF004}.Release|x86.Build.0 = Release|Any CPU
		{A72F93D2-AEA9-1720-66B9-0A1AC2BB3C3B}.Debug|Any CPU.ActiveCfg = Debug|Any CPU
		{A72F93D2-AEA9-1720-66B9-0A1AC2BB3C3B}.Debug|Any CPU.Build.0 = Debug|Any CPU
		{A72F93D2-AEA9-1720-66B9-0A1AC2BB3C3B}.Debug|x64.ActiveCfg = Debug|Any CPU
		{A72F93D2-AEA9-1720-66B9-0A1AC2BB3C3B}.Debug|x64.Build.0 = Debug|Any CPU
		{A72F93D2-AEA9-1720-66B9-0A1AC2BB3C3B}.Debug|x86.ActiveCfg = Debug|Any CPU
		{A72F93D2-AEA9-1720-66B9-0A1AC2BB3C3B}.Debug|x86.Build.0 = Debug|Any CPU
		{A72F93D2-AEA9-1720-66B9-0A1AC2BB3C3B}.Release|Any CPU.ActiveCfg = Release|Any CPU
		{A72F93D2-AEA9-1720-66B9-0A1AC2BB3C3B}.Release|Any CPU.Build.0 = Release|Any CPU
		{A72F93D2-AEA9-1720-66B9-0A1AC2BB3C3B}.Release|x64.ActiveCfg = Release|Any CPU
		{A72F93D2-AEA9-1720-66B9-0A1AC2BB3C3B}.Release|x64.Build.0 = Release|Any CPU
		{A72F93D2-AEA9-1720-66B9-0A1AC2BB3C3B}.Release|x86.ActiveCfg = Release|Any CPU
		{A72F93D2-AEA9-1720-66B9-0A1AC2BB3C3B}.Release|x86.Build.0 = Release|Any CPU
		{58D752E2-8BB6-0D20-65DB-1594F553997E}.Debug|Any CPU.ActiveCfg = Debug|Any CPU
		{58D752E2-8BB6-0D20-65DB-1594F553997E}.Debug|Any CPU.Build.0 = Debug|Any CPU
		{58D752E2-8BB6-0D20-65DB-1594F553997E}.Debug|x64.ActiveCfg = Debug|Any CPU
		{58D752E2-8BB6-0D20-65DB-1594F553997E}.Debug|x64.Build.0 = Debug|Any CPU
		{58D752E2-8BB6-0D20-65DB-1594F553997E}.Debug|x86.ActiveCfg = Debug|Any CPU
		{58D752E2-8BB6-0D20-65DB-1594F553997E}.Debug|x86.Build.0 = Debug|Any CPU
		{58D752E2-8BB6-0D20-65DB-1594F553997E}.Release|Any CPU.ActiveCfg = Release|Any CPU
		{58D752E2-8BB6-0D20-65DB-1594F553997E}.Release|Any CPU.Build.0 = Release|Any CPU
		{58D752E2-8BB6-0D20-65DB-1594F553997E}.Release|x64.ActiveCfg = Release|Any CPU
		{58D752E2-8BB6-0D20-65DB-1594F553997E}.Release|x64.Build.0 = Release|Any CPU
		{58D752E2-8BB6-0D20-65DB-1594F553997E}.Release|x86.ActiveCfg = Release|Any CPU
		{58D752E2-8BB6-0D20-65DB-1594F553997E}.Release|x86.Build.0 = Release|Any CPU
		{E85CABED-D8CD-2895-5285-9B6AA5507EFC}.Debug|Any CPU.ActiveCfg = Debug|Any CPU
		{E85CABED-D8CD-2895-5285-9B6AA5507EFC}.Debug|Any CPU.Build.0 = Debug|Any CPU
		{E85CABED-D8CD-2895-5285-9B6AA5507EFC}.Debug|x64.ActiveCfg = Debug|Any CPU
		{E85CABED-D8CD-2895-5285-9B6AA5507EFC}.Debug|x64.Build.0 = Debug|Any CPU
		{E85CABED-D8CD-2895-5285-9B6AA5507EFC}.Debug|x86.ActiveCfg = Debug|Any CPU
		{E85CABED-D8CD-2895-5285-9B6AA5507EFC}.Debug|x86.Build.0 = Debug|Any CPU
		{E85CABED-D8CD-2895-5285-9B6AA5507EFC}.Release|Any CPU.ActiveCfg = Release|Any CPU
		{E85CABED-D8CD-2895-5285-9B6AA5507EFC}.Release|Any CPU.Build.0 = Release|Any CPU
		{E85CABED-D8CD-2895-5285-9B6AA5507EFC}.Release|x64.ActiveCfg = Release|Any CPU
		{E85CABED-D8CD-2895-5285-9B6AA5507EFC}.Release|x64.Build.0 = Release|Any CPU
		{E85CABED-D8CD-2895-5285-9B6AA5507EFC}.Release|x86.ActiveCfg = Release|Any CPU
		{E85CABED-D8CD-2895-5285-9B6AA5507EFC}.Release|x86.Build.0 = Release|Any CPU
		{48864ED8-BD74-6B9F-85D0-4A1F0A8EA10D}.Debug|Any CPU.ActiveCfg = Debug|Any CPU
		{48864ED8-BD74-6B9F-85D0-4A1F0A8EA10D}.Debug|Any CPU.Build.0 = Debug|Any CPU
		{48864ED8-BD74-6B9F-85D0-4A1F0A8EA10D}.Debug|x64.ActiveCfg = Debug|Any CPU
		{48864ED8-BD74-6B9F-85D0-4A1F0A8EA10D}.Debug|x64.Build.0 = Debug|Any CPU
		{48864ED8-BD74-6B9F-85D0-4A1F0A8EA10D}.Debug|x86.ActiveCfg = Debug|Any CPU
		{48864ED8-BD74-6B9F-85D0-4A1F0A8EA10D}.Debug|x86.Build.0 = Debug|Any CPU
		{48864ED8-BD74-6B9F-85D0-4A1F0A8EA10D}.Release|Any CPU.ActiveCfg = Release|Any CPU
		{48864ED8-BD74-6B9F-85D0-4A1F0A8EA10D}.Release|Any CPU.Build.0 = Release|Any CPU
		{48864ED8-BD74-6B9F-85D0-4A1F0A8EA10D}.Release|x64.ActiveCfg = Release|Any CPU
		{48864ED8-BD74-6B9F-85D0-4A1F0A8EA10D}.Release|x64.Build.0 = Release|Any CPU
		{48864ED8-BD74-6B9F-85D0-4A1F0A8EA10D}.Release|x86.ActiveCfg = Release|Any CPU
		{48864ED8-BD74-6B9F-85D0-4A1F0A8EA10D}.Release|x86.Build.0 = Release|Any CPU
		{A8DC818F-AA5F-C313-3DF1-928D8E4B0A02}.Debug|Any CPU.ActiveCfg = Debug|Any CPU
		{A8DC818F-AA5F-C313-3DF1-928D8E4B0A02}.Debug|Any CPU.Build.0 = Debug|Any CPU
		{A8DC818F-AA5F-C313-3DF1-928D8E4B0A02}.Debug|x64.ActiveCfg = Debug|Any CPU
		{A8DC818F-AA5F-C313-3DF1-928D8E4B0A02}.Debug|x64.Build.0 = Debug|Any CPU
		{A8DC818F-AA5F-C313-3DF1-928D8E4B0A02}.Debug|x86.ActiveCfg = Debug|Any CPU
		{A8DC818F-AA5F-C313-3DF1-928D8E4B0A02}.Debug|x86.Build.0 = Debug|Any CPU
		{A8DC818F-AA5F-C313-3DF1-928D8E4B0A02}.Release|Any CPU.ActiveCfg = Release|Any CPU
		{A8DC818F-AA5F-C313-3DF1-928D8E4B0A02}.Release|Any CPU.Build.0 = Release|Any CPU
		{A8DC818F-AA5F-C313-3DF1-928D8E4B0A02}.Release|x64.ActiveCfg = Release|Any CPU
		{A8DC818F-AA5F-C313-3DF1-928D8E4B0A02}.Release|x64.Build.0 = Release|Any CPU
		{A8DC818F-AA5F-C313-3DF1-928D8E4B0A02}.Release|x86.ActiveCfg = Release|Any CPU
		{A8DC818F-AA5F-C313-3DF1-928D8E4B0A02}.Release|x86.Build.0 = Release|Any CPU
		{85121E88-A238-6CD7-0648-2AA45A7EE4FD}.Debug|Any CPU.ActiveCfg = Debug|Any CPU
		{85121E88-A238-6CD7-0648-2AA45A7EE4FD}.Debug|Any CPU.Build.0 = Debug|Any CPU
		{85121E88-A238-6CD7-0648-2AA45A7EE4FD}.Debug|x64.ActiveCfg = Debug|Any CPU
		{85121E88-A238-6CD7-0648-2AA45A7EE4FD}.Debug|x64.Build.0 = Debug|Any CPU
		{85121E88-A238-6CD7-0648-2AA45A7EE4FD}.Debug|x86.ActiveCfg = Debug|Any CPU
		{85121E88-A238-6CD7-0648-2AA45A7EE4FD}.Debug|x86.Build.0 = Debug|Any CPU
		{85121E88-A238-6CD7-0648-2AA45A7EE4FD}.Release|Any CPU.ActiveCfg = Release|Any CPU
		{85121E88-A238-6CD7-0648-2AA45A7EE4FD}.Release|Any CPU.Build.0 = Release|Any CPU
		{85121E88-A238-6CD7-0648-2AA45A7EE4FD}.Release|x64.ActiveCfg = Release|Any CPU
		{85121E88-A238-6CD7-0648-2AA45A7EE4FD}.Release|x64.Build.0 = Release|Any CPU
		{85121E88-A238-6CD7-0648-2AA45A7EE4FD}.Release|x86.ActiveCfg = Release|Any CPU
		{85121E88-A238-6CD7-0648-2AA45A7EE4FD}.Release|x86.Build.0 = Release|Any CPU
		{166E1005-4C41-7CF5-6656-9CFCBB9DE8B5}.Debug|Any CPU.ActiveCfg = Debug|Any CPU
		{166E1005-4C41-7CF5-6656-9CFCBB9DE8B5}.Debug|Any CPU.Build.0 = Debug|Any CPU
		{166E1005-4C41-7CF5-6656-9CFCBB9DE8B5}.Debug|x64.ActiveCfg = Debug|Any CPU
		{166E1005-4C41-7CF5-6656-9CFCBB9DE8B5}.Debug|x64.Build.0 = Debug|Any CPU
		{166E1005-4C41-7CF5-6656-9CFCBB9DE8B5}.Debug|x86.ActiveCfg = Debug|Any CPU
		{166E1005-4C41-7CF5-6656-9CFCBB9DE8B5}.Debug|x86.Build.0 = Debug|Any CPU
		{166E1005-4C41-7CF5-6656-9CFCBB9DE8B5}.Release|Any CPU.ActiveCfg = Release|Any CPU
		{166E1005-4C41-7CF5-6656-9CFCBB9DE8B5}.Release|Any CPU.Build.0 = Release|Any CPU
		{166E1005-4C41-7CF5-6656-9CFCBB9DE8B5}.Release|x64.ActiveCfg = Release|Any CPU
		{166E1005-4C41-7CF5-6656-9CFCBB9DE8B5}.Release|x64.Build.0 = Release|Any CPU
		{166E1005-4C41-7CF5-6656-9CFCBB9DE8B5}.Release|x86.ActiveCfg = Release|Any CPU
		{166E1005-4C41-7CF5-6656-9CFCBB9DE8B5}.Release|x86.Build.0 = Release|Any CPU
		{1EAD3A26-B387-DE79-F2C3-57F885CD2D13}.Debug|Any CPU.ActiveCfg = Debug|Any CPU
		{1EAD3A26-B387-DE79-F2C3-57F885CD2D13}.Debug|Any CPU.Build.0 = Debug|Any CPU
		{1EAD3A26-B387-DE79-F2C3-57F885CD2D13}.Debug|x64.ActiveCfg = Debug|Any CPU
		{1EAD3A26-B387-DE79-F2C3-57F885CD2D13}.Debug|x64.Build.0 = Debug|Any CPU
		{1EAD3A26-B387-DE79-F2C3-57F885CD2D13}.Debug|x86.ActiveCfg = Debug|Any CPU
		{1EAD3A26-B387-DE79-F2C3-57F885CD2D13}.Debug|x86.Build.0 = Debug|Any CPU
		{1EAD3A26-B387-DE79-F2C3-57F885CD2D13}.Release|Any CPU.ActiveCfg = Release|Any CPU
		{1EAD3A26-B387-DE79-F2C3-57F885CD2D13}.Release|Any CPU.Build.0 = Release|Any CPU
		{1EAD3A26-B387-DE79-F2C3-57F885CD2D13}.Release|x64.ActiveCfg = Release|Any CPU
		{1EAD3A26-B387-DE79-F2C3-57F885CD2D13}.Release|x64.Build.0 = Release|Any CPU
		{1EAD3A26-B387-DE79-F2C3-57F885CD2D13}.Release|x86.ActiveCfg = Release|Any CPU
		{1EAD3A26-B387-DE79-F2C3-57F885CD2D13}.Release|x86.Build.0 = Release|Any CPU
		{539E44CB-A709-A281-4871-F6F8A4C11F92}.Debug|Any CPU.ActiveCfg = Debug|Any CPU
		{539E44CB-A709-A281-4871-F6F8A4C11F92}.Debug|Any CPU.Build.0 = Debug|Any CPU
		{539E44CB-A709-A281-4871-F6F8A4C11F92}.Debug|x64.ActiveCfg = Debug|Any CPU
		{539E44CB-A709-A281-4871-F6F8A4C11F92}.Debug|x64.Build.0 = Debug|Any CPU
		{539E44CB-A709-A281-4871-F6F8A4C11F92}.Debug|x86.ActiveCfg = Debug|Any CPU
		{539E44CB-A709-A281-4871-F6F8A4C11F92}.Debug|x86.Build.0 = Debug|Any CPU
		{539E44CB-A709-A281-4871-F6F8A4C11F92}.Release|Any CPU.ActiveCfg = Release|Any CPU
		{539E44CB-A709-A281-4871-F6F8A4C11F92}.Release|Any CPU.Build.0 = Release|Any CPU
		{539E44CB-A709-A281-4871-F6F8A4C11F92}.Release|x64.ActiveCfg = Release|Any CPU
		{539E44CB-A709-A281-4871-F6F8A4C11F92}.Release|x64.Build.0 = Release|Any CPU
		{539E44CB-A709-A281-4871-F6F8A4C11F92}.Release|x86.ActiveCfg = Release|Any CPU
		{539E44CB-A709-A281-4871-F6F8A4C11F92}.Release|x86.Build.0 = Release|Any CPU
		{F3A98127-9FCF-6B18-D795-8BD6717331F9}.Debug|Any CPU.ActiveCfg = Debug|Any CPU
		{F3A98127-9FCF-6B18-D795-8BD6717331F9}.Debug|Any CPU.Build.0 = Debug|Any CPU
		{F3A98127-9FCF-6B18-D795-8BD6717331F9}.Debug|x64.ActiveCfg = Debug|Any CPU
		{F3A98127-9FCF-6B18-D795-8BD6717331F9}.Debug|x64.Build.0 = Debug|Any CPU
		{F3A98127-9FCF-6B18-D795-8BD6717331F9}.Debug|x86.ActiveCfg = Debug|Any CPU
		{F3A98127-9FCF-6B18-D795-8BD6717331F9}.Debug|x86.Build.0 = Debug|Any CPU
		{F3A98127-9FCF-6B18-D795-8BD6717331F9}.Release|Any CPU.ActiveCfg = Release|Any CPU
		{F3A98127-9FCF-6B18-D795-8BD6717331F9}.Release|Any CPU.Build.0 = Release|Any CPU
		{F3A98127-9FCF-6B18-D795-8BD6717331F9}.Release|x64.ActiveCfg = Release|Any CPU
		{F3A98127-9FCF-6B18-D795-8BD6717331F9}.Release|x64.Build.0 = Release|Any CPU
		{F3A98127-9FCF-6B18-D795-8BD6717331F9}.Release|x86.ActiveCfg = Release|Any CPU
		{F3A98127-9FCF-6B18-D795-8BD6717331F9}.Release|x86.Build.0 = Release|Any CPU
		{76F91F52-6E7B-3A21-63A1-345660DB3FEB}.Debug|Any CPU.ActiveCfg = Debug|Any CPU
		{76F91F52-6E7B-3A21-63A1-345660DB3FEB}.Debug|Any CPU.Build.0 = Debug|Any CPU
		{76F91F52-6E7B-3A21-63A1-345660DB3FEB}.Debug|x64.ActiveCfg = Debug|Any CPU
		{76F91F52-6E7B-3A21-63A1-345660DB3FEB}.Debug|x64.Build.0 = Debug|Any CPU
		{76F91F52-6E7B-3A21-63A1-345660DB3FEB}.Debug|x86.ActiveCfg = Debug|Any CPU
		{76F91F52-6E7B-3A21-63A1-345660DB3FEB}.Debug|x86.Build.0 = Debug|Any CPU
		{76F91F52-6E7B-3A21-63A1-345660DB3FEB}.Release|Any CPU.ActiveCfg = Release|Any CPU
		{76F91F52-6E7B-3A21-63A1-345660DB3FEB}.Release|Any CPU.Build.0 = Release|Any CPU
		{76F91F52-6E7B-3A21-63A1-345660DB3FEB}.Release|x64.ActiveCfg = Release|Any CPU
		{76F91F52-6E7B-3A21-63A1-345660DB3FEB}.Release|x64.Build.0 = Release|Any CPU
		{76F91F52-6E7B-3A21-63A1-345660DB3FEB}.Release|x86.ActiveCfg = Release|Any CPU
		{76F91F52-6E7B-3A21-63A1-345660DB3FEB}.Release|x86.Build.0 = Release|Any CPU
		{E5A11A40-C741-8D14-9140-04C0FC6AF6C7}.Debug|Any CPU.ActiveCfg = Debug|Any CPU
		{E5A11A40-C741-8D14-9140-04C0FC6AF6C7}.Debug|Any CPU.Build.0 = Debug|Any CPU
		{E5A11A40-C741-8D14-9140-04C0FC6AF6C7}.Debug|x64.ActiveCfg = Debug|Any CPU
		{E5A11A40-C741-8D14-9140-04C0FC6AF6C7}.Debug|x64.Build.0 = Debug|Any CPU
		{E5A11A40-C741-8D14-9140-04C0FC6AF6C7}.Debug|x86.ActiveCfg = Debug|Any CPU
		{E5A11A40-C741-8D14-9140-04C0FC6AF6C7}.Debug|x86.Build.0 = Debug|Any CPU
		{E5A11A40-C741-8D14-9140-04C0FC6AF6C7}.Release|Any CPU.ActiveCfg = Release|Any CPU
		{E5A11A40-C741-8D14-9140-04C0FC6AF6C7}.Release|Any CPU.Build.0 = Release|Any CPU
		{E5A11A40-C741-8D14-9140-04C0FC6AF6C7}.Release|x64.ActiveCfg = Release|Any CPU
		{E5A11A40-C741-8D14-9140-04C0FC6AF6C7}.Release|x64.Build.0 = Release|Any CPU
		{E5A11A40-C741-8D14-9140-04C0FC6AF6C7}.Release|x86.ActiveCfg = Release|Any CPU
		{E5A11A40-C741-8D14-9140-04C0FC6AF6C7}.Release|x86.Build.0 = Release|Any CPU
		{17C01ED0-1106-55A3-FAED-926F52FA5F0E}.Debug|Any CPU.ActiveCfg = Debug|Any CPU
		{17C01ED0-1106-55A3-FAED-926F52FA5F0E}.Debug|Any CPU.Build.0 = Debug|Any CPU
		{17C01ED0-1106-55A3-FAED-926F52FA5F0E}.Debug|x64.ActiveCfg = Debug|Any CPU
		{17C01ED0-1106-55A3-FAED-926F52FA5F0E}.Debug|x64.Build.0 = Debug|Any CPU
		{17C01ED0-1106-55A3-FAED-926F52FA5F0E}.Debug|x86.ActiveCfg = Debug|Any CPU
		{17C01ED0-1106-55A3-FAED-926F52FA5F0E}.Debug|x86.Build.0 = Debug|Any CPU
		{17C01ED0-1106-55A3-FAED-926F52FA5F0E}.Release|Any CPU.ActiveCfg = Release|Any CPU
		{17C01ED0-1106-55A3-FAED-926F52FA5F0E}.Release|Any CPU.Build.0 = Release|Any CPU
		{17C01ED0-1106-55A3-FAED-926F52FA5F0E}.Release|x64.ActiveCfg = Release|Any CPU
		{17C01ED0-1106-55A3-FAED-926F52FA5F0E}.Release|x64.Build.0 = Release|Any CPU
		{17C01ED0-1106-55A3-FAED-926F52FA5F0E}.Release|x86.ActiveCfg = Release|Any CPU
		{17C01ED0-1106-55A3-FAED-926F52FA5F0E}.Release|x86.Build.0 = Release|Any CPU
		{18C6C9D9-EB9F-55D9-4DF2-5D47AC39BF01}.Debug|Any CPU.ActiveCfg = Debug|Any CPU
		{18C6C9D9-EB9F-55D9-4DF2-5D47AC39BF01}.Debug|Any CPU.Build.0 = Debug|Any CPU
		{18C6C9D9-EB9F-55D9-4DF2-5D47AC39BF01}.Debug|x64.ActiveCfg = Debug|Any CPU
		{18C6C9D9-EB9F-55D9-4DF2-5D47AC39BF01}.Debug|x64.Build.0 = Debug|Any CPU
		{18C6C9D9-EB9F-55D9-4DF2-5D47AC39BF01}.Debug|x86.ActiveCfg = Debug|Any CPU
		{18C6C9D9-EB9F-55D9-4DF2-5D47AC39BF01}.Debug|x86.Build.0 = Debug|Any CPU
		{18C6C9D9-EB9F-55D9-4DF2-5D47AC39BF01}.Release|Any CPU.ActiveCfg = Release|Any CPU
		{18C6C9D9-EB9F-55D9-4DF2-5D47AC39BF01}.Release|Any CPU.Build.0 = Release|Any CPU
		{18C6C9D9-EB9F-55D9-4DF2-5D47AC39BF01}.Release|x64.ActiveCfg = Release|Any CPU
		{18C6C9D9-EB9F-55D9-4DF2-5D47AC39BF01}.Release|x64.Build.0 = Release|Any CPU
		{18C6C9D9-EB9F-55D9-4DF2-5D47AC39BF01}.Release|x86.ActiveCfg = Release|Any CPU
		{18C6C9D9-EB9F-55D9-4DF2-5D47AC39BF01}.Release|x86.Build.0 = Release|Any CPU
		{5092C1C9-BCDC-DE1A-71D1-8643B161F9B7}.Debug|Any CPU.ActiveCfg = Debug|Any CPU
		{5092C1C9-BCDC-DE1A-71D1-8643B161F9B7}.Debug|Any CPU.Build.0 = Debug|Any CPU
		{5092C1C9-BCDC-DE1A-71D1-8643B161F9B7}.Debug|x64.ActiveCfg = Debug|Any CPU
		{5092C1C9-BCDC-DE1A-71D1-8643B161F9B7}.Debug|x64.Build.0 = Debug|Any CPU
		{5092C1C9-BCDC-DE1A-71D1-8643B161F9B7}.Debug|x86.ActiveCfg = Debug|Any CPU
		{5092C1C9-BCDC-DE1A-71D1-8643B161F9B7}.Debug|x86.Build.0 = Debug|Any CPU
		{5092C1C9-BCDC-DE1A-71D1-8643B161F9B7}.Release|Any CPU.ActiveCfg = Release|Any CPU
		{5092C1C9-BCDC-DE1A-71D1-8643B161F9B7}.Release|Any CPU.Build.0 = Release|Any CPU
		{5092C1C9-BCDC-DE1A-71D1-8643B161F9B7}.Release|x64.ActiveCfg = Release|Any CPU
		{5092C1C9-BCDC-DE1A-71D1-8643B161F9B7}.Release|x64.Build.0 = Release|Any CPU
		{5092C1C9-BCDC-DE1A-71D1-8643B161F9B7}.Release|x86.ActiveCfg = Release|Any CPU
		{5092C1C9-BCDC-DE1A-71D1-8643B161F9B7}.Release|x86.Build.0 = Release|Any CPU
		{0D274948-6B5F-9589-E43C-B2D71C41FABF}.Debug|Any CPU.ActiveCfg = Debug|Any CPU
		{0D274948-6B5F-9589-E43C-B2D71C41FABF}.Debug|Any CPU.Build.0 = Debug|Any CPU
		{0D274948-6B5F-9589-E43C-B2D71C41FABF}.Debug|x64.ActiveCfg = Debug|Any CPU
		{0D274948-6B5F-9589-E43C-B2D71C41FABF}.Debug|x64.Build.0 = Debug|Any CPU
		{0D274948-6B5F-9589-E43C-B2D71C41FABF}.Debug|x86.ActiveCfg = Debug|Any CPU
		{0D274948-6B5F-9589-E43C-B2D71C41FABF}.Debug|x86.Build.0 = Debug|Any CPU
		{0D274948-6B5F-9589-E43C-B2D71C41FABF}.Release|Any CPU.ActiveCfg = Release|Any CPU
		{0D274948-6B5F-9589-E43C-B2D71C41FABF}.Release|Any CPU.Build.0 = Release|Any CPU
		{0D274948-6B5F-9589-E43C-B2D71C41FABF}.Release|x64.ActiveCfg = Release|Any CPU
		{0D274948-6B5F-9589-E43C-B2D71C41FABF}.Release|x64.Build.0 = Release|Any CPU
		{0D274948-6B5F-9589-E43C-B2D71C41FABF}.Release|x86.ActiveCfg = Release|Any CPU
		{0D274948-6B5F-9589-E43C-B2D71C41FABF}.Release|x86.Build.0 = Release|Any CPU
		{7D367D47-A4D1-6FC0-34D4-86BCEA92990B}.Debug|Any CPU.ActiveCfg = Debug|Any CPU
		{7D367D47-A4D1-6FC0-34D4-86BCEA92990B}.Debug|Any CPU.Build.0 = Debug|Any CPU
		{7D367D47-A4D1-6FC0-34D4-86BCEA92990B}.Debug|x64.ActiveCfg = Debug|Any CPU
		{7D367D47-A4D1-6FC0-34D4-86BCEA92990B}.Debug|x64.Build.0 = Debug|Any CPU
		{7D367D47-A4D1-6FC0-34D4-86BCEA92990B}.Debug|x86.ActiveCfg = Debug|Any CPU
		{7D367D47-A4D1-6FC0-34D4-86BCEA92990B}.Debug|x86.Build.0 = Debug|Any CPU
		{7D367D47-A4D1-6FC0-34D4-86BCEA92990B}.Release|Any CPU.ActiveCfg = Release|Any CPU
		{7D367D47-A4D1-6FC0-34D4-86BCEA92990B}.Release|Any CPU.Build.0 = Release|Any CPU
		{7D367D47-A4D1-6FC0-34D4-86BCEA92990B}.Release|x64.ActiveCfg = Release|Any CPU
		{7D367D47-A4D1-6FC0-34D4-86BCEA92990B}.Release|x64.Build.0 = Release|Any CPU
		{7D367D47-A4D1-6FC0-34D4-86BCEA92990B}.Release|x86.ActiveCfg = Release|Any CPU
		{7D367D47-A4D1-6FC0-34D4-86BCEA92990B}.Release|x86.Build.0 = Release|Any CPU
		{CCFA0357-9423-1ABB-722A-B7A5E88A30B5}.Debug|Any CPU.ActiveCfg = Debug|Any CPU
		{CCFA0357-9423-1ABB-722A-B7A5E88A30B5}.Debug|Any CPU.Build.0 = Debug|Any CPU
		{CCFA0357-9423-1ABB-722A-B7A5E88A30B5}.Debug|x64.ActiveCfg = Debug|Any CPU
		{CCFA0357-9423-1ABB-722A-B7A5E88A30B5}.Debug|x64.Build.0 = Debug|Any CPU
		{CCFA0357-9423-1ABB-722A-B7A5E88A30B5}.Debug|x86.ActiveCfg = Debug|Any CPU
		{CCFA0357-9423-1ABB-722A-B7A5E88A30B5}.Debug|x86.Build.0 = Debug|Any CPU
		{CCFA0357-9423-1ABB-722A-B7A5E88A30B5}.Release|Any CPU.ActiveCfg = Release|Any CPU
		{CCFA0357-9423-1ABB-722A-B7A5E88A30B5}.Release|Any CPU.Build.0 = Release|Any CPU
		{CCFA0357-9423-1ABB-722A-B7A5E88A30B5}.Release|x64.ActiveCfg = Release|Any CPU
		{CCFA0357-9423-1ABB-722A-B7A5E88A30B5}.Release|x64.Build.0 = Release|Any CPU
		{CCFA0357-9423-1ABB-722A-B7A5E88A30B5}.Release|x86.ActiveCfg = Release|Any CPU
		{CCFA0357-9423-1ABB-722A-B7A5E88A30B5}.Release|x86.Build.0 = Release|Any CPU
		{53C0ADD3-A1A3-5A10-0CA0-8B01BA39F2B9}.Debug|Any CPU.ActiveCfg = Debug|Any CPU
		{53C0ADD3-A1A3-5A10-0CA0-8B01BA39F2B9}.Debug|Any CPU.Build.0 = Debug|Any CPU
		{53C0ADD3-A1A3-5A10-0CA0-8B01BA39F2B9}.Debug|x64.ActiveCfg = Debug|Any CPU
		{53C0ADD3-A1A3-5A10-0CA0-8B01BA39F2B9}.Debug|x64.Build.0 = Debug|Any CPU
		{53C0ADD3-A1A3-5A10-0CA0-8B01BA39F2B9}.Debug|x86.ActiveCfg = Debug|Any CPU
		{53C0ADD3-A1A3-5A10-0CA0-8B01BA39F2B9}.Debug|x86.Build.0 = Debug|Any CPU
		{53C0ADD3-A1A3-5A10-0CA0-8B01BA39F2B9}.Release|Any CPU.ActiveCfg = Release|Any CPU
		{53C0ADD3-A1A3-5A10-0CA0-8B01BA39F2B9}.Release|Any CPU.Build.0 = Release|Any CPU
		{53C0ADD3-A1A3-5A10-0CA0-8B01BA39F2B9}.Release|x64.ActiveCfg = Release|Any CPU
		{53C0ADD3-A1A3-5A10-0CA0-8B01BA39F2B9}.Release|x64.Build.0 = Release|Any CPU
		{53C0ADD3-A1A3-5A10-0CA0-8B01BA39F2B9}.Release|x86.ActiveCfg = Release|Any CPU
		{53C0ADD3-A1A3-5A10-0CA0-8B01BA39F2B9}.Release|x86.Build.0 = Release|Any CPU
		{C5775D51-B206-2F8D-82ED-413CE0884BCC}.Debug|Any CPU.ActiveCfg = Debug|Any CPU
		{C5775D51-B206-2F8D-82ED-413CE0884BCC}.Debug|Any CPU.Build.0 = Debug|Any CPU
		{C5775D51-B206-2F8D-82ED-413CE0884BCC}.Debug|x64.ActiveCfg = Debug|Any CPU
		{C5775D51-B206-2F8D-82ED-413CE0884BCC}.Debug|x64.Build.0 = Debug|Any CPU
		{C5775D51-B206-2F8D-82ED-413CE0884BCC}.Debug|x86.ActiveCfg = Debug|Any CPU
		{C5775D51-B206-2F8D-82ED-413CE0884BCC}.Debug|x86.Build.0 = Debug|Any CPU
		{C5775D51-B206-2F8D-82ED-413CE0884BCC}.Release|Any CPU.ActiveCfg = Release|Any CPU
		{C5775D51-B206-2F8D-82ED-413CE0884BCC}.Release|Any CPU.Build.0 = Release|Any CPU
		{C5775D51-B206-2F8D-82ED-413CE0884BCC}.Release|x64.ActiveCfg = Release|Any CPU
		{C5775D51-B206-2F8D-82ED-413CE0884BCC}.Release|x64.Build.0 = Release|Any CPU
		{C5775D51-B206-2F8D-82ED-413CE0884BCC}.Release|x86.ActiveCfg = Release|Any CPU
		{C5775D51-B206-2F8D-82ED-413CE0884BCC}.Release|x86.Build.0 = Release|Any CPU
		{DA97FAC3-C442-357D-BF7E-ADBD4F4F3FE8}.Debug|Any CPU.ActiveCfg = Debug|Any CPU
		{DA97FAC3-C442-357D-BF7E-ADBD4F4F3FE8}.Debug|Any CPU.Build.0 = Debug|Any CPU
		{DA97FAC3-C442-357D-BF7E-ADBD4F4F3FE8}.Debug|x64.ActiveCfg = Debug|Any CPU
		{DA97FAC3-C442-357D-BF7E-ADBD4F4F3FE8}.Debug|x64.Build.0 = Debug|Any CPU
		{DA97FAC3-C442-357D-BF7E-ADBD4F4F3FE8}.Debug|x86.ActiveCfg = Debug|Any CPU
		{DA97FAC3-C442-357D-BF7E-ADBD4F4F3FE8}.Debug|x86.Build.0 = Debug|Any CPU
		{DA97FAC3-C442-357D-BF7E-ADBD4F4F3FE8}.Release|Any CPU.ActiveCfg = Release|Any CPU
		{DA97FAC3-C442-357D-BF7E-ADBD4F4F3FE8}.Release|Any CPU.Build.0 = Release|Any CPU
		{DA97FAC3-C442-357D-BF7E-ADBD4F4F3FE8}.Release|x64.ActiveCfg = Release|Any CPU
		{DA97FAC3-C442-357D-BF7E-ADBD4F4F3FE8}.Release|x64.Build.0 = Release|Any CPU
		{DA97FAC3-C442-357D-BF7E-ADBD4F4F3FE8}.Release|x86.ActiveCfg = Release|Any CPU
		{DA97FAC3-C442-357D-BF7E-ADBD4F4F3FE8}.Release|x86.Build.0 = Release|Any CPU
		{EBBFE2C0-E114-519F-F3FF-F7B851566DF1}.Debug|Any CPU.ActiveCfg = Debug|Any CPU
		{EBBFE2C0-E114-519F-F3FF-F7B851566DF1}.Debug|Any CPU.Build.0 = Debug|Any CPU
		{EBBFE2C0-E114-519F-F3FF-F7B851566DF1}.Debug|x64.ActiveCfg = Debug|Any CPU
		{EBBFE2C0-E114-519F-F3FF-F7B851566DF1}.Debug|x64.Build.0 = Debug|Any CPU
		{EBBFE2C0-E114-519F-F3FF-F7B851566DF1}.Debug|x86.ActiveCfg = Debug|Any CPU
		{EBBFE2C0-E114-519F-F3FF-F7B851566DF1}.Debug|x86.Build.0 = Debug|Any CPU
		{EBBFE2C0-E114-519F-F3FF-F7B851566DF1}.Release|Any CPU.ActiveCfg = Release|Any CPU
		{EBBFE2C0-E114-519F-F3FF-F7B851566DF1}.Release|Any CPU.Build.0 = Release|Any CPU
		{EBBFE2C0-E114-519F-F3FF-F7B851566DF1}.Release|x64.ActiveCfg = Release|Any CPU
		{EBBFE2C0-E114-519F-F3FF-F7B851566DF1}.Release|x64.Build.0 = Release|Any CPU
		{EBBFE2C0-E114-519F-F3FF-F7B851566DF1}.Release|x86.ActiveCfg = Release|Any CPU
		{EBBFE2C0-E114-519F-F3FF-F7B851566DF1}.Release|x86.Build.0 = Release|Any CPU
		{F8BA3D53-DCD5-42A4-56A5-971893F60D14}.Debug|Any CPU.ActiveCfg = Debug|Any CPU
		{F8BA3D53-DCD5-42A4-56A5-971893F60D14}.Debug|Any CPU.Build.0 = Debug|Any CPU
		{F8BA3D53-DCD5-42A4-56A5-971893F60D14}.Debug|x64.ActiveCfg = Debug|Any CPU
		{F8BA3D53-DCD5-42A4-56A5-971893F60D14}.Debug|x64.Build.0 = Debug|Any CPU
		{F8BA3D53-DCD5-42A4-56A5-971893F60D14}.Debug|x86.ActiveCfg = Debug|Any CPU
		{F8BA3D53-DCD5-42A4-56A5-971893F60D14}.Debug|x86.Build.0 = Debug|Any CPU
		{F8BA3D53-DCD5-42A4-56A5-971893F60D14}.Release|Any CPU.ActiveCfg = Release|Any CPU
		{F8BA3D53-DCD5-42A4-56A5-971893F60D14}.Release|Any CPU.Build.0 = Release|Any CPU
		{F8BA3D53-DCD5-42A4-56A5-971893F60D14}.Release|x64.ActiveCfg = Release|Any CPU
		{F8BA3D53-DCD5-42A4-56A5-971893F60D14}.Release|x64.Build.0 = Release|Any CPU
		{F8BA3D53-DCD5-42A4-56A5-971893F60D14}.Release|x86.ActiveCfg = Release|Any CPU
		{F8BA3D53-DCD5-42A4-56A5-971893F60D14}.Release|x86.Build.0 = Release|Any CPU
		{8769A8B1-559C-17A5-949B-762ECC85561D}.Debug|Any CPU.ActiveCfg = Debug|Any CPU
		{8769A8B1-559C-17A5-949B-762ECC85561D}.Debug|Any CPU.Build.0 = Debug|Any CPU
		{8769A8B1-559C-17A5-949B-762ECC85561D}.Debug|x64.ActiveCfg = Debug|Any CPU
		{8769A8B1-559C-17A5-949B-762ECC85561D}.Debug|x64.Build.0 = Debug|Any CPU
		{8769A8B1-559C-17A5-949B-762ECC85561D}.Debug|x86.ActiveCfg = Debug|Any CPU
		{8769A8B1-559C-17A5-949B-762ECC85561D}.Debug|x86.Build.0 = Debug|Any CPU
		{8769A8B1-559C-17A5-949B-762ECC85561D}.Release|Any CPU.ActiveCfg = Release|Any CPU
		{8769A8B1-559C-17A5-949B-762ECC85561D}.Release|Any CPU.Build.0 = Release|Any CPU
		{8769A8B1-559C-17A5-949B-762ECC85561D}.Release|x64.ActiveCfg = Release|Any CPU
		{8769A8B1-559C-17A5-949B-762ECC85561D}.Release|x64.Build.0 = Release|Any CPU
		{8769A8B1-559C-17A5-949B-762ECC85561D}.Release|x86.ActiveCfg = Release|Any CPU
		{8769A8B1-559C-17A5-949B-762ECC85561D}.Release|x86.Build.0 = Release|Any CPU
		{92EF0D72-E239-6E7D-0DE7-4B4188082D0A}.Debug|Any CPU.ActiveCfg = Debug|Any CPU
		{92EF0D72-E239-6E7D-0DE7-4B4188082D0A}.Debug|Any CPU.Build.0 = Debug|Any CPU
		{92EF0D72-E239-6E7D-0DE7-4B4188082D0A}.Debug|x64.ActiveCfg = Debug|Any CPU
		{92EF0D72-E239-6E7D-0DE7-4B4188082D0A}.Debug|x64.Build.0 = Debug|Any CPU
		{92EF0D72-E239-6E7D-0DE7-4B4188082D0A}.Debug|x86.ActiveCfg = Debug|Any CPU
		{92EF0D72-E239-6E7D-0DE7-4B4188082D0A}.Debug|x86.Build.0 = Debug|Any CPU
		{92EF0D72-E239-6E7D-0DE7-4B4188082D0A}.Release|Any CPU.ActiveCfg = Release|Any CPU
		{92EF0D72-E239-6E7D-0DE7-4B4188082D0A}.Release|Any CPU.Build.0 = Release|Any CPU
		{92EF0D72-E239-6E7D-0DE7-4B4188082D0A}.Release|x64.ActiveCfg = Release|Any CPU
		{92EF0D72-E239-6E7D-0DE7-4B4188082D0A}.Release|x64.Build.0 = Release|Any CPU
		{92EF0D72-E239-6E7D-0DE7-4B4188082D0A}.Release|x86.ActiveCfg = Release|Any CPU
		{92EF0D72-E239-6E7D-0DE7-4B4188082D0A}.Release|x86.Build.0 = Release|Any CPU
		{DA7A3683-2913-76F1-7A13-35A0765F6CA1}.Debug|Any CPU.ActiveCfg = Debug|Any CPU
		{DA7A3683-2913-76F1-7A13-35A0765F6CA1}.Debug|Any CPU.Build.0 = Debug|Any CPU
		{DA7A3683-2913-76F1-7A13-35A0765F6CA1}.Debug|x64.ActiveCfg = Debug|Any CPU
		{DA7A3683-2913-76F1-7A13-35A0765F6CA1}.Debug|x64.Build.0 = Debug|Any CPU
		{DA7A3683-2913-76F1-7A13-35A0765F6CA1}.Debug|x86.ActiveCfg = Debug|Any CPU
		{DA7A3683-2913-76F1-7A13-35A0765F6CA1}.Debug|x86.Build.0 = Debug|Any CPU
		{DA7A3683-2913-76F1-7A13-35A0765F6CA1}.Release|Any CPU.ActiveCfg = Release|Any CPU
		{DA7A3683-2913-76F1-7A13-35A0765F6CA1}.Release|Any CPU.Build.0 = Release|Any CPU
		{DA7A3683-2913-76F1-7A13-35A0765F6CA1}.Release|x64.ActiveCfg = Release|Any CPU
		{DA7A3683-2913-76F1-7A13-35A0765F6CA1}.Release|x64.Build.0 = Release|Any CPU
		{DA7A3683-2913-76F1-7A13-35A0765F6CA1}.Release|x86.ActiveCfg = Release|Any CPU
		{DA7A3683-2913-76F1-7A13-35A0765F6CA1}.Release|x86.Build.0 = Release|Any CPU
		{4CB35174-4DE8-EAE1-7AD3-1AB401DF374A}.Debug|Any CPU.ActiveCfg = Debug|Any CPU
		{4CB35174-4DE8-EAE1-7AD3-1AB401DF374A}.Debug|Any CPU.Build.0 = Debug|Any CPU
		{4CB35174-4DE8-EAE1-7AD3-1AB401DF374A}.Debug|x64.ActiveCfg = Debug|Any CPU
		{4CB35174-4DE8-EAE1-7AD3-1AB401DF374A}.Debug|x64.Build.0 = Debug|Any CPU
		{4CB35174-4DE8-EAE1-7AD3-1AB401DF374A}.Debug|x86.ActiveCfg = Debug|Any CPU
		{4CB35174-4DE8-EAE1-7AD3-1AB401DF374A}.Debug|x86.Build.0 = Debug|Any CPU
		{4CB35174-4DE8-EAE1-7AD3-1AB401DF374A}.Release|Any CPU.ActiveCfg = Release|Any CPU
		{4CB35174-4DE8-EAE1-7AD3-1AB401DF374A}.Release|Any CPU.Build.0 = Release|Any CPU
		{4CB35174-4DE8-EAE1-7AD3-1AB401DF374A}.Release|x64.ActiveCfg = Release|Any CPU
		{4CB35174-4DE8-EAE1-7AD3-1AB401DF374A}.Release|x64.Build.0 = Release|Any CPU
		{4CB35174-4DE8-EAE1-7AD3-1AB401DF374A}.Release|x86.ActiveCfg = Release|Any CPU
		{4CB35174-4DE8-EAE1-7AD3-1AB401DF374A}.Release|x86.Build.0 = Release|Any CPU
		{175C2EF4-9EBF-1E78-03BD-A1B569B79218}.Debug|Any CPU.ActiveCfg = Debug|Any CPU
		{175C2EF4-9EBF-1E78-03BD-A1B569B79218}.Debug|Any CPU.Build.0 = Debug|Any CPU
		{175C2EF4-9EBF-1E78-03BD-A1B569B79218}.Debug|x64.ActiveCfg = Debug|Any CPU
		{175C2EF4-9EBF-1E78-03BD-A1B569B79218}.Debug|x64.Build.0 = Debug|Any CPU
		{175C2EF4-9EBF-1E78-03BD-A1B569B79218}.Debug|x86.ActiveCfg = Debug|Any CPU
		{175C2EF4-9EBF-1E78-03BD-A1B569B79218}.Debug|x86.Build.0 = Debug|Any CPU
		{175C2EF4-9EBF-1E78-03BD-A1B569B79218}.Release|Any CPU.ActiveCfg = Release|Any CPU
		{175C2EF4-9EBF-1E78-03BD-A1B569B79218}.Release|Any CPU.Build.0 = Release|Any CPU
		{175C2EF4-9EBF-1E78-03BD-A1B569B79218}.Release|x64.ActiveCfg = Release|Any CPU
		{175C2EF4-9EBF-1E78-03BD-A1B569B79218}.Release|x64.Build.0 = Release|Any CPU
		{175C2EF4-9EBF-1E78-03BD-A1B569B79218}.Release|x86.ActiveCfg = Release|Any CPU
		{175C2EF4-9EBF-1E78-03BD-A1B569B79218}.Release|x86.Build.0 = Release|Any CPU
		{2F4DF929-C4B2-4A11-E2A7-13E4EC355269}.Debug|Any CPU.ActiveCfg = Debug|Any CPU
		{2F4DF929-C4B2-4A11-E2A7-13E4EC355269}.Debug|Any CPU.Build.0 = Debug|Any CPU
		{2F4DF929-C4B2-4A11-E2A7-13E4EC355269}.Debug|x64.ActiveCfg = Debug|Any CPU
		{2F4DF929-C4B2-4A11-E2A7-13E4EC355269}.Debug|x64.Build.0 = Debug|Any CPU
		{2F4DF929-C4B2-4A11-E2A7-13E4EC355269}.Debug|x86.ActiveCfg = Debug|Any CPU
		{2F4DF929-C4B2-4A11-E2A7-13E4EC355269}.Debug|x86.Build.0 = Debug|Any CPU
		{2F4DF929-C4B2-4A11-E2A7-13E4EC355269}.Release|Any CPU.ActiveCfg = Release|Any CPU
		{2F4DF929-C4B2-4A11-E2A7-13E4EC355269}.Release|Any CPU.Build.0 = Release|Any CPU
		{2F4DF929-C4B2-4A11-E2A7-13E4EC355269}.Release|x64.ActiveCfg = Release|Any CPU
		{2F4DF929-C4B2-4A11-E2A7-13E4EC355269}.Release|x64.Build.0 = Release|Any CPU
		{2F4DF929-C4B2-4A11-E2A7-13E4EC355269}.Release|x86.ActiveCfg = Release|Any CPU
		{2F4DF929-C4B2-4A11-E2A7-13E4EC355269}.Release|x86.Build.0 = Release|Any CPU
		{60D956AA-3030-FB48-423C-F561A8157E30}.Debug|Any CPU.ActiveCfg = Debug|Any CPU
		{60D956AA-3030-FB48-423C-F561A8157E30}.Debug|Any CPU.Build.0 = Debug|Any CPU
		{60D956AA-3030-FB48-423C-F561A8157E30}.Debug|x64.ActiveCfg = Debug|Any CPU
		{60D956AA-3030-FB48-423C-F561A8157E30}.Debug|x64.Build.0 = Debug|Any CPU
		{60D956AA-3030-FB48-423C-F561A8157E30}.Debug|x86.ActiveCfg = Debug|Any CPU
		{60D956AA-3030-FB48-423C-F561A8157E30}.Debug|x86.Build.0 = Debug|Any CPU
		{60D956AA-3030-FB48-423C-F561A8157E30}.Release|Any CPU.ActiveCfg = Release|Any CPU
		{60D956AA-3030-FB48-423C-F561A8157E30}.Release|Any CPU.Build.0 = Release|Any CPU
		{60D956AA-3030-FB48-423C-F561A8157E30}.Release|x64.ActiveCfg = Release|Any CPU
		{60D956AA-3030-FB48-423C-F561A8157E30}.Release|x64.Build.0 = Release|Any CPU
		{60D956AA-3030-FB48-423C-F561A8157E30}.Release|x86.ActiveCfg = Release|Any CPU
		{60D956AA-3030-FB48-423C-F561A8157E30}.Release|x86.Build.0 = Release|Any CPU
		{88D83B9E-144B-54B9-421D-13C133018F24}.Debug|Any CPU.ActiveCfg = Debug|Any CPU
		{88D83B9E-144B-54B9-421D-13C133018F24}.Debug|Any CPU.Build.0 = Debug|Any CPU
		{88D83B9E-144B-54B9-421D-13C133018F24}.Debug|x64.ActiveCfg = Debug|Any CPU
		{88D83B9E-144B-54B9-421D-13C133018F24}.Debug|x64.Build.0 = Debug|Any CPU
		{88D83B9E-144B-54B9-421D-13C133018F24}.Debug|x86.ActiveCfg = Debug|Any CPU
		{88D83B9E-144B-54B9-421D-13C133018F24}.Debug|x86.Build.0 = Debug|Any CPU
		{88D83B9E-144B-54B9-421D-13C133018F24}.Release|Any CPU.ActiveCfg = Release|Any CPU
		{88D83B9E-144B-54B9-421D-13C133018F24}.Release|Any CPU.Build.0 = Release|Any CPU
		{88D83B9E-144B-54B9-421D-13C133018F24}.Release|x64.ActiveCfg = Release|Any CPU
		{88D83B9E-144B-54B9-421D-13C133018F24}.Release|x64.Build.0 = Release|Any CPU
		{88D83B9E-144B-54B9-421D-13C133018F24}.Release|x86.ActiveCfg = Release|Any CPU
		{88D83B9E-144B-54B9-421D-13C133018F24}.Release|x86.Build.0 = Release|Any CPU
		{D1281655-C259-3F9B-6488-B2410D6DF57F}.Debug|Any CPU.ActiveCfg = Debug|Any CPU
		{D1281655-C259-3F9B-6488-B2410D6DF57F}.Debug|Any CPU.Build.0 = Debug|Any CPU
		{D1281655-C259-3F9B-6488-B2410D6DF57F}.Debug|x64.ActiveCfg = Debug|Any CPU
		{D1281655-C259-3F9B-6488-B2410D6DF57F}.Debug|x64.Build.0 = Debug|Any CPU
		{D1281655-C259-3F9B-6488-B2410D6DF57F}.Debug|x86.ActiveCfg = Debug|Any CPU
		{D1281655-C259-3F9B-6488-B2410D6DF57F}.Debug|x86.Build.0 = Debug|Any CPU
		{D1281655-C259-3F9B-6488-B2410D6DF57F}.Release|Any CPU.ActiveCfg = Release|Any CPU
		{D1281655-C259-3F9B-6488-B2410D6DF57F}.Release|Any CPU.Build.0 = Release|Any CPU
		{D1281655-C259-3F9B-6488-B2410D6DF57F}.Release|x64.ActiveCfg = Release|Any CPU
		{D1281655-C259-3F9B-6488-B2410D6DF57F}.Release|x64.Build.0 = Release|Any CPU
		{D1281655-C259-3F9B-6488-B2410D6DF57F}.Release|x86.ActiveCfg = Release|Any CPU
		{D1281655-C259-3F9B-6488-B2410D6DF57F}.Release|x86.Build.0 = Release|Any CPU
		{0BBBAE84-A1E5-F706-9594-4D20E7D98A18}.Debug|Any CPU.ActiveCfg = Debug|Any CPU
		{0BBBAE84-A1E5-F706-9594-4D20E7D98A18}.Debug|Any CPU.Build.0 = Debug|Any CPU
		{0BBBAE84-A1E5-F706-9594-4D20E7D98A18}.Debug|x64.ActiveCfg = Debug|Any CPU
		{0BBBAE84-A1E5-F706-9594-4D20E7D98A18}.Debug|x64.Build.0 = Debug|Any CPU
		{0BBBAE84-A1E5-F706-9594-4D20E7D98A18}.Debug|x86.ActiveCfg = Debug|Any CPU
		{0BBBAE84-A1E5-F706-9594-4D20E7D98A18}.Debug|x86.Build.0 = Debug|Any CPU
		{0BBBAE84-A1E5-F706-9594-4D20E7D98A18}.Release|Any CPU.ActiveCfg = Release|Any CPU
		{0BBBAE84-A1E5-F706-9594-4D20E7D98A18}.Release|Any CPU.Build.0 = Release|Any CPU
		{0BBBAE84-A1E5-F706-9594-4D20E7D98A18}.Release|x64.ActiveCfg = Release|Any CPU
		{0BBBAE84-A1E5-F706-9594-4D20E7D98A18}.Release|x64.Build.0 = Release|Any CPU
		{0BBBAE84-A1E5-F706-9594-4D20E7D98A18}.Release|x86.ActiveCfg = Release|Any CPU
		{0BBBAE84-A1E5-F706-9594-4D20E7D98A18}.Release|x86.Build.0 = Release|Any CPU
		{F513E16A-CF34-5ADE-3761-FD2DAC95DC62}.Debug|Any CPU.ActiveCfg = Debug|Any CPU
		{F513E16A-CF34-5ADE-3761-FD2DAC95DC62}.Debug|Any CPU.Build.0 = Debug|Any CPU
		{F513E16A-CF34-5ADE-3761-FD2DAC95DC62}.Debug|x64.ActiveCfg = Debug|Any CPU
		{F513E16A-CF34-5ADE-3761-FD2DAC95DC62}.Debug|x64.Build.0 = Debug|Any CPU
		{F513E16A-CF34-5ADE-3761-FD2DAC95DC62}.Debug|x86.ActiveCfg = Debug|Any CPU
		{F513E16A-CF34-5ADE-3761-FD2DAC95DC62}.Debug|x86.Build.0 = Debug|Any CPU
		{F513E16A-CF34-5ADE-3761-FD2DAC95DC62}.Release|Any CPU.ActiveCfg = Release|Any CPU
		{F513E16A-CF34-5ADE-3761-FD2DAC95DC62}.Release|Any CPU.Build.0 = Release|Any CPU
		{F513E16A-CF34-5ADE-3761-FD2DAC95DC62}.Release|x64.ActiveCfg = Release|Any CPU
		{F513E16A-CF34-5ADE-3761-FD2DAC95DC62}.Release|x64.Build.0 = Release|Any CPU
		{F513E16A-CF34-5ADE-3761-FD2DAC95DC62}.Release|x86.ActiveCfg = Release|Any CPU
		{F513E16A-CF34-5ADE-3761-FD2DAC95DC62}.Release|x86.Build.0 = Release|Any CPU
		{E465AC32-F652-0D7E-EA24-6381795F6CE6}.Debug|Any CPU.ActiveCfg = Debug|Any CPU
		{E465AC32-F652-0D7E-EA24-6381795F6CE6}.Debug|Any CPU.Build.0 = Debug|Any CPU
		{E465AC32-F652-0D7E-EA24-6381795F6CE6}.Debug|x64.ActiveCfg = Debug|Any CPU
		{E465AC32-F652-0D7E-EA24-6381795F6CE6}.Debug|x64.Build.0 = Debug|Any CPU
		{E465AC32-F652-0D7E-EA24-6381795F6CE6}.Debug|x86.ActiveCfg = Debug|Any CPU
		{E465AC32-F652-0D7E-EA24-6381795F6CE6}.Debug|x86.Build.0 = Debug|Any CPU
		{E465AC32-F652-0D7E-EA24-6381795F6CE6}.Release|Any CPU.ActiveCfg = Release|Any CPU
		{E465AC32-F652-0D7E-EA24-6381795F6CE6}.Release|Any CPU.Build.0 = Release|Any CPU
		{E465AC32-F652-0D7E-EA24-6381795F6CE6}.Release|x64.ActiveCfg = Release|Any CPU
		{E465AC32-F652-0D7E-EA24-6381795F6CE6}.Release|x64.Build.0 = Release|Any CPU
		{E465AC32-F652-0D7E-EA24-6381795F6CE6}.Release|x86.ActiveCfg = Release|Any CPU
		{E465AC32-F652-0D7E-EA24-6381795F6CE6}.Release|x86.Build.0 = Release|Any CPU
		{DDB7BF96-B196-1349-2365-96B92D22E462}.Debug|Any CPU.ActiveCfg = Debug|Any CPU
		{DDB7BF96-B196-1349-2365-96B92D22E462}.Debug|Any CPU.Build.0 = Debug|Any CPU
		{DDB7BF96-B196-1349-2365-96B92D22E462}.Debug|x64.ActiveCfg = Debug|Any CPU
		{DDB7BF96-B196-1349-2365-96B92D22E462}.Debug|x64.Build.0 = Debug|Any CPU
		{DDB7BF96-B196-1349-2365-96B92D22E462}.Debug|x86.ActiveCfg = Debug|Any CPU
		{DDB7BF96-B196-1349-2365-96B92D22E462}.Debug|x86.Build.0 = Debug|Any CPU
		{DDB7BF96-B196-1349-2365-96B92D22E462}.Release|Any CPU.ActiveCfg = Release|Any CPU
		{DDB7BF96-B196-1349-2365-96B92D22E462}.Release|Any CPU.Build.0 = Release|Any CPU
		{DDB7BF96-B196-1349-2365-96B92D22E462}.Release|x64.ActiveCfg = Release|Any CPU
		{DDB7BF96-B196-1349-2365-96B92D22E462}.Release|x64.Build.0 = Release|Any CPU
		{DDB7BF96-B196-1349-2365-96B92D22E462}.Release|x86.ActiveCfg = Release|Any CPU
		{DDB7BF96-B196-1349-2365-96B92D22E462}.Release|x86.Build.0 = Release|Any CPU
		{DCC0817E-82E5-F60F-672D-BF676943856B}.Debug|Any CPU.ActiveCfg = Debug|Any CPU
		{DCC0817E-82E5-F60F-672D-BF676943856B}.Debug|Any CPU.Build.0 = Debug|Any CPU
		{DCC0817E-82E5-F60F-672D-BF676943856B}.Debug|x64.ActiveCfg = Debug|Any CPU
		{DCC0817E-82E5-F60F-672D-BF676943856B}.Debug|x64.Build.0 = Debug|Any CPU
		{DCC0817E-82E5-F60F-672D-BF676943856B}.Debug|x86.ActiveCfg = Debug|Any CPU
		{DCC0817E-82E5-F60F-672D-BF676943856B}.Debug|x86.Build.0 = Debug|Any CPU
		{DCC0817E-82E5-F60F-672D-BF676943856B}.Release|Any CPU.ActiveCfg = Release|Any CPU
		{DCC0817E-82E5-F60F-672D-BF676943856B}.Release|Any CPU.Build.0 = Release|Any CPU
		{DCC0817E-82E5-F60F-672D-BF676943856B}.Release|x64.ActiveCfg = Release|Any CPU
		{DCC0817E-82E5-F60F-672D-BF676943856B}.Release|x64.Build.0 = Release|Any CPU
		{DCC0817E-82E5-F60F-672D-BF676943856B}.Release|x86.ActiveCfg = Release|Any CPU
		{DCC0817E-82E5-F60F-672D-BF676943856B}.Release|x86.Build.0 = Release|Any CPU
		{63625656-266F-B022-3716-673440A174B7}.Debug|Any CPU.ActiveCfg = Debug|Any CPU
		{63625656-266F-B022-3716-673440A174B7}.Debug|Any CPU.Build.0 = Debug|Any CPU
		{63625656-266F-B022-3716-673440A174B7}.Debug|x64.ActiveCfg = Debug|Any CPU
		{63625656-266F-B022-3716-673440A174B7}.Debug|x64.Build.0 = Debug|Any CPU
		{63625656-266F-B022-3716-673440A174B7}.Debug|x86.ActiveCfg = Debug|Any CPU
		{63625656-266F-B022-3716-673440A174B7}.Debug|x86.Build.0 = Debug|Any CPU
		{63625656-266F-B022-3716-673440A174B7}.Release|Any CPU.ActiveCfg = Release|Any CPU
		{63625656-266F-B022-3716-673440A174B7}.Release|Any CPU.Build.0 = Release|Any CPU
		{63625656-266F-B022-3716-673440A174B7}.Release|x64.ActiveCfg = Release|Any CPU
		{63625656-266F-B022-3716-673440A174B7}.Release|x64.Build.0 = Release|Any CPU
		{63625656-266F-B022-3716-673440A174B7}.Release|x86.ActiveCfg = Release|Any CPU
		{63625656-266F-B022-3716-673440A174B7}.Release|x86.Build.0 = Release|Any CPU
		{84B1747F-EAF7-21FE-99AA-6CD94A6E0B2A}.Debug|Any CPU.ActiveCfg = Debug|Any CPU
		{84B1747F-EAF7-21FE-99AA-6CD94A6E0B2A}.Debug|Any CPU.Build.0 = Debug|Any CPU
		{84B1747F-EAF7-21FE-99AA-6CD94A6E0B2A}.Debug|x64.ActiveCfg = Debug|Any CPU
		{84B1747F-EAF7-21FE-99AA-6CD94A6E0B2A}.Debug|x64.Build.0 = Debug|Any CPU
		{84B1747F-EAF7-21FE-99AA-6CD94A6E0B2A}.Debug|x86.ActiveCfg = Debug|Any CPU
		{84B1747F-EAF7-21FE-99AA-6CD94A6E0B2A}.Debug|x86.Build.0 = Debug|Any CPU
		{84B1747F-EAF7-21FE-99AA-6CD94A6E0B2A}.Release|Any CPU.ActiveCfg = Release|Any CPU
		{84B1747F-EAF7-21FE-99AA-6CD94A6E0B2A}.Release|Any CPU.Build.0 = Release|Any CPU
		{84B1747F-EAF7-21FE-99AA-6CD94A6E0B2A}.Release|x64.ActiveCfg = Release|Any CPU
		{84B1747F-EAF7-21FE-99AA-6CD94A6E0B2A}.Release|x64.Build.0 = Release|Any CPU
		{84B1747F-EAF7-21FE-99AA-6CD94A6E0B2A}.Release|x86.ActiveCfg = Release|Any CPU
		{84B1747F-EAF7-21FE-99AA-6CD94A6E0B2A}.Release|x86.Build.0 = Release|Any CPU
		{5332C95F-AD2E-210A-C886-EE3558C32C84}.Debug|Any CPU.ActiveCfg = Debug|Any CPU
		{5332C95F-AD2E-210A-C886-EE3558C32C84}.Debug|Any CPU.Build.0 = Debug|Any CPU
		{5332C95F-AD2E-210A-C886-EE3558C32C84}.Debug|x64.ActiveCfg = Debug|Any CPU
		{5332C95F-AD2E-210A-C886-EE3558C32C84}.Debug|x64.Build.0 = Debug|Any CPU
		{5332C95F-AD2E-210A-C886-EE3558C32C84}.Debug|x86.ActiveCfg = Debug|Any CPU
		{5332C95F-AD2E-210A-C886-EE3558C32C84}.Debug|x86.Build.0 = Debug|Any CPU
		{5332C95F-AD2E-210A-C886-EE3558C32C84}.Release|Any CPU.ActiveCfg = Release|Any CPU
		{5332C95F-AD2E-210A-C886-EE3558C32C84}.Release|Any CPU.Build.0 = Release|Any CPU
		{5332C95F-AD2E-210A-C886-EE3558C32C84}.Release|x64.ActiveCfg = Release|Any CPU
		{5332C95F-AD2E-210A-C886-EE3558C32C84}.Release|x64.Build.0 = Release|Any CPU
		{5332C95F-AD2E-210A-C886-EE3558C32C84}.Release|x86.ActiveCfg = Release|Any CPU
		{5332C95F-AD2E-210A-C886-EE3558C32C84}.Release|x86.Build.0 = Release|Any CPU
		{4F60D4D7-9148-13C9-65DA-ECEDC5BC3F29}.Debug|Any CPU.ActiveCfg = Debug|Any CPU
		{4F60D4D7-9148-13C9-65DA-ECEDC5BC3F29}.Debug|Any CPU.Build.0 = Debug|Any CPU
		{4F60D4D7-9148-13C9-65DA-ECEDC5BC3F29}.Debug|x64.ActiveCfg = Debug|Any CPU
		{4F60D4D7-9148-13C9-65DA-ECEDC5BC3F29}.Debug|x64.Build.0 = Debug|Any CPU
		{4F60D4D7-9148-13C9-65DA-ECEDC5BC3F29}.Debug|x86.ActiveCfg = Debug|Any CPU
		{4F60D4D7-9148-13C9-65DA-ECEDC5BC3F29}.Debug|x86.Build.0 = Debug|Any CPU
		{4F60D4D7-9148-13C9-65DA-ECEDC5BC3F29}.Release|Any CPU.ActiveCfg = Release|Any CPU
		{4F60D4D7-9148-13C9-65DA-ECEDC5BC3F29}.Release|Any CPU.Build.0 = Release|Any CPU
		{4F60D4D7-9148-13C9-65DA-ECEDC5BC3F29}.Release|x64.ActiveCfg = Release|Any CPU
		{4F60D4D7-9148-13C9-65DA-ECEDC5BC3F29}.Release|x64.Build.0 = Release|Any CPU
		{4F60D4D7-9148-13C9-65DA-ECEDC5BC3F29}.Release|x86.ActiveCfg = Release|Any CPU
		{4F60D4D7-9148-13C9-65DA-ECEDC5BC3F29}.Release|x86.Build.0 = Release|Any CPU
		{D4AB5CFD-8801-3E3F-8CB8-263153F40433}.Debug|Any CPU.ActiveCfg = Debug|Any CPU
		{D4AB5CFD-8801-3E3F-8CB8-263153F40433}.Debug|Any CPU.Build.0 = Debug|Any CPU
		{D4AB5CFD-8801-3E3F-8CB8-263153F40433}.Debug|x64.ActiveCfg = Debug|Any CPU
		{D4AB5CFD-8801-3E3F-8CB8-263153F40433}.Debug|x64.Build.0 = Debug|Any CPU
		{D4AB5CFD-8801-3E3F-8CB8-263153F40433}.Debug|x86.ActiveCfg = Debug|Any CPU
		{D4AB5CFD-8801-3E3F-8CB8-263153F40433}.Debug|x86.Build.0 = Debug|Any CPU
		{D4AB5CFD-8801-3E3F-8CB8-263153F40433}.Release|Any CPU.ActiveCfg = Release|Any CPU
		{D4AB5CFD-8801-3E3F-8CB8-263153F40433}.Release|Any CPU.Build.0 = Release|Any CPU
		{D4AB5CFD-8801-3E3F-8CB8-263153F40433}.Release|x64.ActiveCfg = Release|Any CPU
		{D4AB5CFD-8801-3E3F-8CB8-263153F40433}.Release|x64.Build.0 = Release|Any CPU
		{D4AB5CFD-8801-3E3F-8CB8-263153F40433}.Release|x86.ActiveCfg = Release|Any CPU
		{D4AB5CFD-8801-3E3F-8CB8-263153F40433}.Release|x86.Build.0 = Release|Any CPU
		{B4477709-42B4-DFA5-C2A3-FFA992FFE987}.Debug|Any CPU.ActiveCfg = Debug|Any CPU
		{B4477709-42B4-DFA5-C2A3-FFA992FFE987}.Debug|Any CPU.Build.0 = Debug|Any CPU
		{B4477709-42B4-DFA5-C2A3-FFA992FFE987}.Debug|x64.ActiveCfg = Debug|Any CPU
		{B4477709-42B4-DFA5-C2A3-FFA992FFE987}.Debug|x64.Build.0 = Debug|Any CPU
		{B4477709-42B4-DFA5-C2A3-FFA992FFE987}.Debug|x86.ActiveCfg = Debug|Any CPU
		{B4477709-42B4-DFA5-C2A3-FFA992FFE987}.Debug|x86.Build.0 = Debug|Any CPU
		{B4477709-42B4-DFA5-C2A3-FFA992FFE987}.Release|Any CPU.ActiveCfg = Release|Any CPU
		{B4477709-42B4-DFA5-C2A3-FFA992FFE987}.Release|Any CPU.Build.0 = Release|Any CPU
		{B4477709-42B4-DFA5-C2A3-FFA992FFE987}.Release|x64.ActiveCfg = Release|Any CPU
		{B4477709-42B4-DFA5-C2A3-FFA992FFE987}.Release|x64.Build.0 = Release|Any CPU
		{B4477709-42B4-DFA5-C2A3-FFA992FFE987}.Release|x86.ActiveCfg = Release|Any CPU
		{B4477709-42B4-DFA5-C2A3-FFA992FFE987}.Release|x86.Build.0 = Release|Any CPU
		{1FFB81E3-A31C-6B19-5C5F-8280AE93E4D6}.Debug|Any CPU.ActiveCfg = Debug|Any CPU
		{1FFB81E3-A31C-6B19-5C5F-8280AE93E4D6}.Debug|Any CPU.Build.0 = Debug|Any CPU
		{1FFB81E3-A31C-6B19-5C5F-8280AE93E4D6}.Debug|x64.ActiveCfg = Debug|Any CPU
		{1FFB81E3-A31C-6B19-5C5F-8280AE93E4D6}.Debug|x64.Build.0 = Debug|Any CPU
		{1FFB81E3-A31C-6B19-5C5F-8280AE93E4D6}.Debug|x86.ActiveCfg = Debug|Any CPU
		{1FFB81E3-A31C-6B19-5C5F-8280AE93E4D6}.Debug|x86.Build.0 = Debug|Any CPU
		{1FFB81E3-A31C-6B19-5C5F-8280AE93E4D6}.Release|Any CPU.ActiveCfg = Release|Any CPU
		{1FFB81E3-A31C-6B19-5C5F-8280AE93E4D6}.Release|Any CPU.Build.0 = Release|Any CPU
		{1FFB81E3-A31C-6B19-5C5F-8280AE93E4D6}.Release|x64.ActiveCfg = Release|Any CPU
		{1FFB81E3-A31C-6B19-5C5F-8280AE93E4D6}.Release|x64.Build.0 = Release|Any CPU
		{1FFB81E3-A31C-6B19-5C5F-8280AE93E4D6}.Release|x86.ActiveCfg = Release|Any CPU
		{1FFB81E3-A31C-6B19-5C5F-8280AE93E4D6}.Release|x86.Build.0 = Release|Any CPU
		{98CBE19B-8104-EB02-8665-3ABB229DF5EB}.Debug|Any CPU.ActiveCfg = Debug|Any CPU
		{98CBE19B-8104-EB02-8665-3ABB229DF5EB}.Debug|Any CPU.Build.0 = Debug|Any CPU
		{98CBE19B-8104-EB02-8665-3ABB229DF5EB}.Debug|x64.ActiveCfg = Debug|Any CPU
		{98CBE19B-8104-EB02-8665-3ABB229DF5EB}.Debug|x64.Build.0 = Debug|Any CPU
		{98CBE19B-8104-EB02-8665-3ABB229DF5EB}.Debug|x86.ActiveCfg = Debug|Any CPU
		{98CBE19B-8104-EB02-8665-3ABB229DF5EB}.Debug|x86.Build.0 = Debug|Any CPU
		{98CBE19B-8104-EB02-8665-3ABB229DF5EB}.Release|Any CPU.ActiveCfg = Release|Any CPU
		{98CBE19B-8104-EB02-8665-3ABB229DF5EB}.Release|Any CPU.Build.0 = Release|Any CPU
		{98CBE19B-8104-EB02-8665-3ABB229DF5EB}.Release|x64.ActiveCfg = Release|Any CPU
		{98CBE19B-8104-EB02-8665-3ABB229DF5EB}.Release|x64.Build.0 = Release|Any CPU
		{98CBE19B-8104-EB02-8665-3ABB229DF5EB}.Release|x86.ActiveCfg = Release|Any CPU
		{98CBE19B-8104-EB02-8665-3ABB229DF5EB}.Release|x86.Build.0 = Release|Any CPU
		{D62233CD-2291-4BA0-AD10-89FC9883680C}.Debug|Any CPU.ActiveCfg = Debug|Any CPU
		{D62233CD-2291-4BA0-AD10-89FC9883680C}.Debug|Any CPU.Build.0 = Debug|Any CPU
		{D62233CD-2291-4BA0-AD10-89FC9883680C}.Debug|x64.ActiveCfg = Debug|Any CPU
		{D62233CD-2291-4BA0-AD10-89FC9883680C}.Debug|x64.Build.0 = Debug|Any CPU
		{D62233CD-2291-4BA0-AD10-89FC9883680C}.Debug|x86.ActiveCfg = Debug|Any CPU
		{D62233CD-2291-4BA0-AD10-89FC9883680C}.Debug|x86.Build.0 = Debug|Any CPU
		{D62233CD-2291-4BA0-AD10-89FC9883680C}.Release|Any CPU.ActiveCfg = Release|Any CPU
		{D62233CD-2291-4BA0-AD10-89FC9883680C}.Release|Any CPU.Build.0 = Release|Any CPU
		{D62233CD-2291-4BA0-AD10-89FC9883680C}.Release|x64.ActiveCfg = Release|Any CPU
		{D62233CD-2291-4BA0-AD10-89FC9883680C}.Release|x64.Build.0 = Release|Any CPU
		{D62233CD-2291-4BA0-AD10-89FC9883680C}.Release|x86.ActiveCfg = Release|Any CPU
		{D62233CD-2291-4BA0-AD10-89FC9883680C}.Release|x86.Build.0 = Release|Any CPU
		{19AFCE8B-DCDC-3E7C-CCEA-871CA8FE7BCB}.Debug|Any CPU.ActiveCfg = Debug|Any CPU
		{19AFCE8B-DCDC-3E7C-CCEA-871CA8FE7BCB}.Debug|Any CPU.Build.0 = Debug|Any CPU
		{19AFCE8B-DCDC-3E7C-CCEA-871CA8FE7BCB}.Debug|x64.ActiveCfg = Debug|Any CPU
		{19AFCE8B-DCDC-3E7C-CCEA-871CA8FE7BCB}.Debug|x64.Build.0 = Debug|Any CPU
		{19AFCE8B-DCDC-3E7C-CCEA-871CA8FE7BCB}.Debug|x86.ActiveCfg = Debug|Any CPU
		{19AFCE8B-DCDC-3E7C-CCEA-871CA8FE7BCB}.Debug|x86.Build.0 = Debug|Any CPU
		{19AFCE8B-DCDC-3E7C-CCEA-871CA8FE7BCB}.Release|Any CPU.ActiveCfg = Release|Any CPU
		{19AFCE8B-DCDC-3E7C-CCEA-871CA8FE7BCB}.Release|Any CPU.Build.0 = Release|Any CPU
		{19AFCE8B-DCDC-3E7C-CCEA-871CA8FE7BCB}.Release|x64.ActiveCfg = Release|Any CPU
		{19AFCE8B-DCDC-3E7C-CCEA-871CA8FE7BCB}.Release|x64.Build.0 = Release|Any CPU
		{19AFCE8B-DCDC-3E7C-CCEA-871CA8FE7BCB}.Release|x86.ActiveCfg = Release|Any CPU
		{19AFCE8B-DCDC-3E7C-CCEA-871CA8FE7BCB}.Release|x86.Build.0 = Release|Any CPU
		{8EE9ECD8-881C-BEF2-0469-04677F568C42}.Debug|Any CPU.ActiveCfg = Debug|Any CPU
		{8EE9ECD8-881C-BEF2-0469-04677F568C42}.Debug|Any CPU.Build.0 = Debug|Any CPU
		{8EE9ECD8-881C-BEF2-0469-04677F568C42}.Debug|x64.ActiveCfg = Debug|Any CPU
		{8EE9ECD8-881C-BEF2-0469-04677F568C42}.Debug|x64.Build.0 = Debug|Any CPU
		{8EE9ECD8-881C-BEF2-0469-04677F568C42}.Debug|x86.ActiveCfg = Debug|Any CPU
		{8EE9ECD8-881C-BEF2-0469-04677F568C42}.Debug|x86.Build.0 = Debug|Any CPU
		{8EE9ECD8-881C-BEF2-0469-04677F568C42}.Release|Any CPU.ActiveCfg = Release|Any CPU
		{8EE9ECD8-881C-BEF2-0469-04677F568C42}.Release|Any CPU.Build.0 = Release|Any CPU
		{8EE9ECD8-881C-BEF2-0469-04677F568C42}.Release|x64.ActiveCfg = Release|Any CPU
		{8EE9ECD8-881C-BEF2-0469-04677F568C42}.Release|x64.Build.0 = Release|Any CPU
		{8EE9ECD8-881C-BEF2-0469-04677F568C42}.Release|x86.ActiveCfg = Release|Any CPU
		{8EE9ECD8-881C-BEF2-0469-04677F568C42}.Release|x86.Build.0 = Release|Any CPU
		{1AF913D7-D97C-80F3-FC0E-504FFB2701BE}.Debug|Any CPU.ActiveCfg = Debug|Any CPU
		{1AF913D7-D97C-80F3-FC0E-504FFB2701BE}.Debug|Any CPU.Build.0 = Debug|Any CPU
		{1AF913D7-D97C-80F3-FC0E-504FFB2701BE}.Debug|x64.ActiveCfg = Debug|Any CPU
		{1AF913D7-D97C-80F3-FC0E-504FFB2701BE}.Debug|x64.Build.0 = Debug|Any CPU
		{1AF913D7-D97C-80F3-FC0E-504FFB2701BE}.Debug|x86.ActiveCfg = Debug|Any CPU
		{1AF913D7-D97C-80F3-FC0E-504FFB2701BE}.Debug|x86.Build.0 = Debug|Any CPU
		{1AF913D7-D97C-80F3-FC0E-504FFB2701BE}.Release|Any CPU.ActiveCfg = Release|Any CPU
		{1AF913D7-D97C-80F3-FC0E-504FFB2701BE}.Release|Any CPU.Build.0 = Release|Any CPU
		{1AF913D7-D97C-80F3-FC0E-504FFB2701BE}.Release|x64.ActiveCfg = Release|Any CPU
		{1AF913D7-D97C-80F3-FC0E-504FFB2701BE}.Release|x64.Build.0 = Release|Any CPU
		{1AF913D7-D97C-80F3-FC0E-504FFB2701BE}.Release|x86.ActiveCfg = Release|Any CPU
		{1AF913D7-D97C-80F3-FC0E-504FFB2701BE}.Release|x86.Build.0 = Release|Any CPU
		{31603E1B-EC57-22BC-02BC-224C7325B83F}.Debug|Any CPU.ActiveCfg = Debug|Any CPU
		{31603E1B-EC57-22BC-02BC-224C7325B83F}.Debug|Any CPU.Build.0 = Debug|Any CPU
		{31603E1B-EC57-22BC-02BC-224C7325B83F}.Debug|x64.ActiveCfg = Debug|Any CPU
		{31603E1B-EC57-22BC-02BC-224C7325B83F}.Debug|x64.Build.0 = Debug|Any CPU
		{31603E1B-EC57-22BC-02BC-224C7325B83F}.Debug|x86.ActiveCfg = Debug|Any CPU
		{31603E1B-EC57-22BC-02BC-224C7325B83F}.Debug|x86.Build.0 = Debug|Any CPU
		{31603E1B-EC57-22BC-02BC-224C7325B83F}.Release|Any CPU.ActiveCfg = Release|Any CPU
		{31603E1B-EC57-22BC-02BC-224C7325B83F}.Release|Any CPU.Build.0 = Release|Any CPU
		{31603E1B-EC57-22BC-02BC-224C7325B83F}.Release|x64.ActiveCfg = Release|Any CPU
		{31603E1B-EC57-22BC-02BC-224C7325B83F}.Release|x64.Build.0 = Release|Any CPU
		{31603E1B-EC57-22BC-02BC-224C7325B83F}.Release|x86.ActiveCfg = Release|Any CPU
		{31603E1B-EC57-22BC-02BC-224C7325B83F}.Release|x86.Build.0 = Release|Any CPU
		{3C6151E0-F611-2745-CC98-42B5135617BC}.Debug|Any CPU.ActiveCfg = Debug|Any CPU
		{3C6151E0-F611-2745-CC98-42B5135617BC}.Debug|Any CPU.Build.0 = Debug|Any CPU
		{3C6151E0-F611-2745-CC98-42B5135617BC}.Debug|x64.ActiveCfg = Debug|Any CPU
		{3C6151E0-F611-2745-CC98-42B5135617BC}.Debug|x64.Build.0 = Debug|Any CPU
		{3C6151E0-F611-2745-CC98-42B5135617BC}.Debug|x86.ActiveCfg = Debug|Any CPU
		{3C6151E0-F611-2745-CC98-42B5135617BC}.Debug|x86.Build.0 = Debug|Any CPU
		{3C6151E0-F611-2745-CC98-42B5135617BC}.Release|Any CPU.ActiveCfg = Release|Any CPU
		{3C6151E0-F611-2745-CC98-42B5135617BC}.Release|Any CPU.Build.0 = Release|Any CPU
		{3C6151E0-F611-2745-CC98-42B5135617BC}.Release|x64.ActiveCfg = Release|Any CPU
		{3C6151E0-F611-2745-CC98-42B5135617BC}.Release|x64.Build.0 = Release|Any CPU
		{3C6151E0-F611-2745-CC98-42B5135617BC}.Release|x86.ActiveCfg = Release|Any CPU
		{3C6151E0-F611-2745-CC98-42B5135617BC}.Release|x86.Build.0 = Release|Any CPU
		{23742F88-E0B2-7CA5-7691-C3EF53523E9D}.Debug|Any CPU.ActiveCfg = Debug|Any CPU
		{23742F88-E0B2-7CA5-7691-C3EF53523E9D}.Debug|Any CPU.Build.0 = Debug|Any CPU
		{23742F88-E0B2-7CA5-7691-C3EF53523E9D}.Debug|x64.ActiveCfg = Debug|Any CPU
		{23742F88-E0B2-7CA5-7691-C3EF53523E9D}.Debug|x64.Build.0 = Debug|Any CPU
		{23742F88-E0B2-7CA5-7691-C3EF53523E9D}.Debug|x86.ActiveCfg = Debug|Any CPU
		{23742F88-E0B2-7CA5-7691-C3EF53523E9D}.Debug|x86.Build.0 = Debug|Any CPU
		{23742F88-E0B2-7CA5-7691-C3EF53523E9D}.Release|Any CPU.ActiveCfg = Release|Any CPU
		{23742F88-E0B2-7CA5-7691-C3EF53523E9D}.Release|Any CPU.Build.0 = Release|Any CPU
		{23742F88-E0B2-7CA5-7691-C3EF53523E9D}.Release|x64.ActiveCfg = Release|Any CPU
		{23742F88-E0B2-7CA5-7691-C3EF53523E9D}.Release|x64.Build.0 = Release|Any CPU
		{23742F88-E0B2-7CA5-7691-C3EF53523E9D}.Release|x86.ActiveCfg = Release|Any CPU
		{23742F88-E0B2-7CA5-7691-C3EF53523E9D}.Release|x86.Build.0 = Release|Any CPU
		{D84A3AB7-A7E5-7494-2B0F-354D13ECA3BE}.Debug|Any CPU.ActiveCfg = Debug|Any CPU
		{D84A3AB7-A7E5-7494-2B0F-354D13ECA3BE}.Debug|Any CPU.Build.0 = Debug|Any CPU
		{D84A3AB7-A7E5-7494-2B0F-354D13ECA3BE}.Debug|x64.ActiveCfg = Debug|Any CPU
		{D84A3AB7-A7E5-7494-2B0F-354D13ECA3BE}.Debug|x64.Build.0 = Debug|Any CPU
		{D84A3AB7-A7E5-7494-2B0F-354D13ECA3BE}.Debug|x86.ActiveCfg = Debug|Any CPU
		{D84A3AB7-A7E5-7494-2B0F-354D13ECA3BE}.Debug|x86.Build.0 = Debug|Any CPU
		{D84A3AB7-A7E5-7494-2B0F-354D13ECA3BE}.Release|Any CPU.ActiveCfg = Release|Any CPU
		{D84A3AB7-A7E5-7494-2B0F-354D13ECA3BE}.Release|Any CPU.Build.0 = Release|Any CPU
		{D84A3AB7-A7E5-7494-2B0F-354D13ECA3BE}.Release|x64.ActiveCfg = Release|Any CPU
		{D84A3AB7-A7E5-7494-2B0F-354D13ECA3BE}.Release|x64.Build.0 = Release|Any CPU
		{D84A3AB7-A7E5-7494-2B0F-354D13ECA3BE}.Release|x86.ActiveCfg = Release|Any CPU
		{D84A3AB7-A7E5-7494-2B0F-354D13ECA3BE}.Release|x86.Build.0 = Release|Any CPU
		{41AAEF6D-5CCE-D8F3-B0C8-CF6DA946688B}.Debug|Any CPU.ActiveCfg = Debug|Any CPU
		{41AAEF6D-5CCE-D8F3-B0C8-CF6DA946688B}.Debug|Any CPU.Build.0 = Debug|Any CPU
		{41AAEF6D-5CCE-D8F3-B0C8-CF6DA946688B}.Debug|x64.ActiveCfg = Debug|Any CPU
		{41AAEF6D-5CCE-D8F3-B0C8-CF6DA946688B}.Debug|x64.Build.0 = Debug|Any CPU
		{41AAEF6D-5CCE-D8F3-B0C8-CF6DA946688B}.Debug|x86.ActiveCfg = Debug|Any CPU
		{41AAEF6D-5CCE-D8F3-B0C8-CF6DA946688B}.Debug|x86.Build.0 = Debug|Any CPU
		{41AAEF6D-5CCE-D8F3-B0C8-CF6DA946688B}.Release|Any CPU.ActiveCfg = Release|Any CPU
		{41AAEF6D-5CCE-D8F3-B0C8-CF6DA946688B}.Release|Any CPU.Build.0 = Release|Any CPU
		{41AAEF6D-5CCE-D8F3-B0C8-CF6DA946688B}.Release|x64.ActiveCfg = Release|Any CPU
		{41AAEF6D-5CCE-D8F3-B0C8-CF6DA946688B}.Release|x64.Build.0 = Release|Any CPU
		{41AAEF6D-5CCE-D8F3-B0C8-CF6DA946688B}.Release|x86.ActiveCfg = Release|Any CPU
		{41AAEF6D-5CCE-D8F3-B0C8-CF6DA946688B}.Release|x86.Build.0 = Release|Any CPU
		{4F295E1D-7477-C433-BC02-0C050B7CB8DD}.Debug|Any CPU.ActiveCfg = Debug|Any CPU
		{4F295E1D-7477-C433-BC02-0C050B7CB8DD}.Debug|Any CPU.Build.0 = Debug|Any CPU
		{4F295E1D-7477-C433-BC02-0C050B7CB8DD}.Debug|x64.ActiveCfg = Debug|Any CPU
		{4F295E1D-7477-C433-BC02-0C050B7CB8DD}.Debug|x64.Build.0 = Debug|Any CPU
		{4F295E1D-7477-C433-BC02-0C050B7CB8DD}.Debug|x86.ActiveCfg = Debug|Any CPU
		{4F295E1D-7477-C433-BC02-0C050B7CB8DD}.Debug|x86.Build.0 = Debug|Any CPU
		{4F295E1D-7477-C433-BC02-0C050B7CB8DD}.Release|Any CPU.ActiveCfg = Release|Any CPU
		{4F295E1D-7477-C433-BC02-0C050B7CB8DD}.Release|Any CPU.Build.0 = Release|Any CPU
		{4F295E1D-7477-C433-BC02-0C050B7CB8DD}.Release|x64.ActiveCfg = Release|Any CPU
		{4F295E1D-7477-C433-BC02-0C050B7CB8DD}.Release|x64.Build.0 = Release|Any CPU
		{4F295E1D-7477-C433-BC02-0C050B7CB8DD}.Release|x86.ActiveCfg = Release|Any CPU
		{4F295E1D-7477-C433-BC02-0C050B7CB8DD}.Release|x86.Build.0 = Release|Any CPU
		{8753614D-FCC0-2C9A-19C4-A69D9377D8A8}.Debug|Any CPU.ActiveCfg = Debug|Any CPU
		{8753614D-FCC0-2C9A-19C4-A69D9377D8A8}.Debug|Any CPU.Build.0 = Debug|Any CPU
		{8753614D-FCC0-2C9A-19C4-A69D9377D8A8}.Debug|x64.ActiveCfg = Debug|Any CPU
		{8753614D-FCC0-2C9A-19C4-A69D9377D8A8}.Debug|x64.Build.0 = Debug|Any CPU
		{8753614D-FCC0-2C9A-19C4-A69D9377D8A8}.Debug|x86.ActiveCfg = Debug|Any CPU
		{8753614D-FCC0-2C9A-19C4-A69D9377D8A8}.Debug|x86.Build.0 = Debug|Any CPU
		{8753614D-FCC0-2C9A-19C4-A69D9377D8A8}.Release|Any CPU.ActiveCfg = Release|Any CPU
		{8753614D-FCC0-2C9A-19C4-A69D9377D8A8}.Release|Any CPU.Build.0 = Release|Any CPU
		{8753614D-FCC0-2C9A-19C4-A69D9377D8A8}.Release|x64.ActiveCfg = Release|Any CPU
		{8753614D-FCC0-2C9A-19C4-A69D9377D8A8}.Release|x64.Build.0 = Release|Any CPU
		{8753614D-FCC0-2C9A-19C4-A69D9377D8A8}.Release|x86.ActiveCfg = Release|Any CPU
		{8753614D-FCC0-2C9A-19C4-A69D9377D8A8}.Release|x86.Build.0 = Release|Any CPU
		{69DBD2DB-3C8F-15DB-9257-10DC2A6218B9}.Debug|Any CPU.ActiveCfg = Debug|Any CPU
		{69DBD2DB-3C8F-15DB-9257-10DC2A6218B9}.Debug|Any CPU.Build.0 = Debug|Any CPU
		{69DBD2DB-3C8F-15DB-9257-10DC2A6218B9}.Debug|x64.ActiveCfg = Debug|Any CPU
		{69DBD2DB-3C8F-15DB-9257-10DC2A6218B9}.Debug|x64.Build.0 = Debug|Any CPU
		{69DBD2DB-3C8F-15DB-9257-10DC2A6218B9}.Debug|x86.ActiveCfg = Debug|Any CPU
		{69DBD2DB-3C8F-15DB-9257-10DC2A6218B9}.Debug|x86.Build.0 = Debug|Any CPU
		{69DBD2DB-3C8F-15DB-9257-10DC2A6218B9}.Release|Any CPU.ActiveCfg = Release|Any CPU
		{69DBD2DB-3C8F-15DB-9257-10DC2A6218B9}.Release|Any CPU.Build.0 = Release|Any CPU
		{69DBD2DB-3C8F-15DB-9257-10DC2A6218B9}.Release|x64.ActiveCfg = Release|Any CPU
		{69DBD2DB-3C8F-15DB-9257-10DC2A6218B9}.Release|x64.Build.0 = Release|Any CPU
		{69DBD2DB-3C8F-15DB-9257-10DC2A6218B9}.Release|x86.ActiveCfg = Release|Any CPU
		{69DBD2DB-3C8F-15DB-9257-10DC2A6218B9}.Release|x86.Build.0 = Release|Any CPU
		{785A2E76-A3EB-DD33-5D45-976D353154BE}.Debug|Any CPU.ActiveCfg = Debug|Any CPU
		{785A2E76-A3EB-DD33-5D45-976D353154BE}.Debug|Any CPU.Build.0 = Debug|Any CPU
		{785A2E76-A3EB-DD33-5D45-976D353154BE}.Debug|x64.ActiveCfg = Debug|Any CPU
		{785A2E76-A3EB-DD33-5D45-976D353154BE}.Debug|x64.Build.0 = Debug|Any CPU
		{785A2E76-A3EB-DD33-5D45-976D353154BE}.Debug|x86.ActiveCfg = Debug|Any CPU
		{785A2E76-A3EB-DD33-5D45-976D353154BE}.Debug|x86.Build.0 = Debug|Any CPU
		{785A2E76-A3EB-DD33-5D45-976D353154BE}.Release|Any CPU.ActiveCfg = Release|Any CPU
		{785A2E76-A3EB-DD33-5D45-976D353154BE}.Release|Any CPU.Build.0 = Release|Any CPU
		{785A2E76-A3EB-DD33-5D45-976D353154BE}.Release|x64.ActiveCfg = Release|Any CPU
		{785A2E76-A3EB-DD33-5D45-976D353154BE}.Release|x64.Build.0 = Release|Any CPU
		{785A2E76-A3EB-DD33-5D45-976D353154BE}.Release|x86.ActiveCfg = Release|Any CPU
		{785A2E76-A3EB-DD33-5D45-976D353154BE}.Release|x86.Build.0 = Release|Any CPU
		{A39BD9B4-3AFF-AA11-9B67-783E77F1EF35}.Debug|Any CPU.ActiveCfg = Debug|Any CPU
		{A39BD9B4-3AFF-AA11-9B67-783E77F1EF35}.Debug|Any CPU.Build.0 = Debug|Any CPU
		{A39BD9B4-3AFF-AA11-9B67-783E77F1EF35}.Debug|x64.ActiveCfg = Debug|Any CPU
		{A39BD9B4-3AFF-AA11-9B67-783E77F1EF35}.Debug|x64.Build.0 = Debug|Any CPU
		{A39BD9B4-3AFF-AA11-9B67-783E77F1EF35}.Debug|x86.ActiveCfg = Debug|Any CPU
		{A39BD9B4-3AFF-AA11-9B67-783E77F1EF35}.Debug|x86.Build.0 = Debug|Any CPU
		{A39BD9B4-3AFF-AA11-9B67-783E77F1EF35}.Release|Any CPU.ActiveCfg = Release|Any CPU
		{A39BD9B4-3AFF-AA11-9B67-783E77F1EF35}.Release|Any CPU.Build.0 = Release|Any CPU
		{A39BD9B4-3AFF-AA11-9B67-783E77F1EF35}.Release|x64.ActiveCfg = Release|Any CPU
		{A39BD9B4-3AFF-AA11-9B67-783E77F1EF35}.Release|x64.Build.0 = Release|Any CPU
		{A39BD9B4-3AFF-AA11-9B67-783E77F1EF35}.Release|x86.ActiveCfg = Release|Any CPU
		{A39BD9B4-3AFF-AA11-9B67-783E77F1EF35}.Release|x86.Build.0 = Release|Any CPU
		{6A678CFE-284B-9C38-06DD-96E39315EFE9}.Debug|Any CPU.ActiveCfg = Debug|Any CPU
		{6A678CFE-284B-9C38-06DD-96E39315EFE9}.Debug|Any CPU.Build.0 = Debug|Any CPU
		{6A678CFE-284B-9C38-06DD-96E39315EFE9}.Debug|x64.ActiveCfg = Debug|Any CPU
		{6A678CFE-284B-9C38-06DD-96E39315EFE9}.Debug|x64.Build.0 = Debug|Any CPU
		{6A678CFE-284B-9C38-06DD-96E39315EFE9}.Debug|x86.ActiveCfg = Debug|Any CPU
		{6A678CFE-284B-9C38-06DD-96E39315EFE9}.Debug|x86.Build.0 = Debug|Any CPU
		{6A678CFE-284B-9C38-06DD-96E39315EFE9}.Release|Any CPU.ActiveCfg = Release|Any CPU
		{6A678CFE-284B-9C38-06DD-96E39315EFE9}.Release|Any CPU.Build.0 = Release|Any CPU
		{6A678CFE-284B-9C38-06DD-96E39315EFE9}.Release|x64.ActiveCfg = Release|Any CPU
		{6A678CFE-284B-9C38-06DD-96E39315EFE9}.Release|x64.Build.0 = Release|Any CPU
		{6A678CFE-284B-9C38-06DD-96E39315EFE9}.Release|x86.ActiveCfg = Release|Any CPU
		{6A678CFE-284B-9C38-06DD-96E39315EFE9}.Release|x86.Build.0 = Release|Any CPU
		{26896B30-18EB-B25F-2CA1-AA66185F4B33}.Debug|Any CPU.ActiveCfg = Debug|Any CPU
		{26896B30-18EB-B25F-2CA1-AA66185F4B33}.Debug|Any CPU.Build.0 = Debug|Any CPU
		{26896B30-18EB-B25F-2CA1-AA66185F4B33}.Debug|x64.ActiveCfg = Debug|Any CPU
		{26896B30-18EB-B25F-2CA1-AA66185F4B33}.Debug|x64.Build.0 = Debug|Any CPU
		{26896B30-18EB-B25F-2CA1-AA66185F4B33}.Debug|x86.ActiveCfg = Debug|Any CPU
		{26896B30-18EB-B25F-2CA1-AA66185F4B33}.Debug|x86.Build.0 = Debug|Any CPU
		{26896B30-18EB-B25F-2CA1-AA66185F4B33}.Release|Any CPU.ActiveCfg = Release|Any CPU
		{26896B30-18EB-B25F-2CA1-AA66185F4B33}.Release|Any CPU.Build.0 = Release|Any CPU
		{26896B30-18EB-B25F-2CA1-AA66185F4B33}.Release|x64.ActiveCfg = Release|Any CPU
		{26896B30-18EB-B25F-2CA1-AA66185F4B33}.Release|x64.Build.0 = Release|Any CPU
		{26896B30-18EB-B25F-2CA1-AA66185F4B33}.Release|x86.ActiveCfg = Release|Any CPU
		{26896B30-18EB-B25F-2CA1-AA66185F4B33}.Release|x86.Build.0 = Release|Any CPU
		{397CFAD6-B04D-C63E-879B-1CA169A8F75A}.Debug|Any CPU.ActiveCfg = Debug|Any CPU
		{397CFAD6-B04D-C63E-879B-1CA169A8F75A}.Debug|Any CPU.Build.0 = Debug|Any CPU
		{397CFAD6-B04D-C63E-879B-1CA169A8F75A}.Debug|x64.ActiveCfg = Debug|Any CPU
		{397CFAD6-B04D-C63E-879B-1CA169A8F75A}.Debug|x64.Build.0 = Debug|Any CPU
		{397CFAD6-B04D-C63E-879B-1CA169A8F75A}.Debug|x86.ActiveCfg = Debug|Any CPU
		{397CFAD6-B04D-C63E-879B-1CA169A8F75A}.Debug|x86.Build.0 = Debug|Any CPU
		{397CFAD6-B04D-C63E-879B-1CA169A8F75A}.Release|Any CPU.ActiveCfg = Release|Any CPU
		{397CFAD6-B04D-C63E-879B-1CA169A8F75A}.Release|Any CPU.Build.0 = Release|Any CPU
		{397CFAD6-B04D-C63E-879B-1CA169A8F75A}.Release|x64.ActiveCfg = Release|Any CPU
		{397CFAD6-B04D-C63E-879B-1CA169A8F75A}.Release|x64.Build.0 = Release|Any CPU
		{397CFAD6-B04D-C63E-879B-1CA169A8F75A}.Release|x86.ActiveCfg = Release|Any CPU
		{397CFAD6-B04D-C63E-879B-1CA169A8F75A}.Release|x86.Build.0 = Release|Any CPU
		{83A80E50-2E50-573B-6336-4508D9E4BF30}.Debug|Any CPU.ActiveCfg = Debug|Any CPU
		{83A80E50-2E50-573B-6336-4508D9E4BF30}.Debug|Any CPU.Build.0 = Debug|Any CPU
		{83A80E50-2E50-573B-6336-4508D9E4BF30}.Debug|x64.ActiveCfg = Debug|Any CPU
		{83A80E50-2E50-573B-6336-4508D9E4BF30}.Debug|x64.Build.0 = Debug|Any CPU
		{83A80E50-2E50-573B-6336-4508D9E4BF30}.Debug|x86.ActiveCfg = Debug|Any CPU
		{83A80E50-2E50-573B-6336-4508D9E4BF30}.Debug|x86.Build.0 = Debug|Any CPU
		{83A80E50-2E50-573B-6336-4508D9E4BF30}.Release|Any CPU.ActiveCfg = Release|Any CPU
		{83A80E50-2E50-573B-6336-4508D9E4BF30}.Release|Any CPU.Build.0 = Release|Any CPU
		{83A80E50-2E50-573B-6336-4508D9E4BF30}.Release|x64.ActiveCfg = Release|Any CPU
		{83A80E50-2E50-573B-6336-4508D9E4BF30}.Release|x64.Build.0 = Release|Any CPU
		{83A80E50-2E50-573B-6336-4508D9E4BF30}.Release|x86.ActiveCfg = Release|Any CPU
		{83A80E50-2E50-573B-6336-4508D9E4BF30}.Release|x86.Build.0 = Release|Any CPU
		{6F99B103-83BD-C345-0B37-B1AF60DEA827}.Debug|Any CPU.ActiveCfg = Debug|Any CPU
		{6F99B103-83BD-C345-0B37-B1AF60DEA827}.Debug|Any CPU.Build.0 = Debug|Any CPU
		{6F99B103-83BD-C345-0B37-B1AF60DEA827}.Debug|x64.ActiveCfg = Debug|Any CPU
		{6F99B103-83BD-C345-0B37-B1AF60DEA827}.Debug|x64.Build.0 = Debug|Any CPU
		{6F99B103-83BD-C345-0B37-B1AF60DEA827}.Debug|x86.ActiveCfg = Debug|Any CPU
		{6F99B103-83BD-C345-0B37-B1AF60DEA827}.Debug|x86.Build.0 = Debug|Any CPU
		{6F99B103-83BD-C345-0B37-B1AF60DEA827}.Release|Any CPU.ActiveCfg = Release|Any CPU
		{6F99B103-83BD-C345-0B37-B1AF60DEA827}.Release|Any CPU.Build.0 = Release|Any CPU
		{6F99B103-83BD-C345-0B37-B1AF60DEA827}.Release|x64.ActiveCfg = Release|Any CPU
		{6F99B103-83BD-C345-0B37-B1AF60DEA827}.Release|x64.Build.0 = Release|Any CPU
		{6F99B103-83BD-C345-0B37-B1AF60DEA827}.Release|x86.ActiveCfg = Release|Any CPU
		{6F99B103-83BD-C345-0B37-B1AF60DEA827}.Release|x86.Build.0 = Release|Any CPU
		{46503D23-225E-1D7F-C8D5-60320D711B10}.Debug|Any CPU.ActiveCfg = Debug|Any CPU
		{46503D23-225E-1D7F-C8D5-60320D711B10}.Debug|Any CPU.Build.0 = Debug|Any CPU
		{46503D23-225E-1D7F-C8D5-60320D711B10}.Debug|x64.ActiveCfg = Debug|Any CPU
		{46503D23-225E-1D7F-C8D5-60320D711B10}.Debug|x64.Build.0 = Debug|Any CPU
		{46503D23-225E-1D7F-C8D5-60320D711B10}.Debug|x86.ActiveCfg = Debug|Any CPU
		{46503D23-225E-1D7F-C8D5-60320D711B10}.Debug|x86.Build.0 = Debug|Any CPU
		{46503D23-225E-1D7F-C8D5-60320D711B10}.Release|Any CPU.ActiveCfg = Release|Any CPU
		{46503D23-225E-1D7F-C8D5-60320D711B10}.Release|Any CPU.Build.0 = Release|Any CPU
		{46503D23-225E-1D7F-C8D5-60320D711B10}.Release|x64.ActiveCfg = Release|Any CPU
		{46503D23-225E-1D7F-C8D5-60320D711B10}.Release|x64.Build.0 = Release|Any CPU
		{46503D23-225E-1D7F-C8D5-60320D711B10}.Release|x86.ActiveCfg = Release|Any CPU
		{46503D23-225E-1D7F-C8D5-60320D711B10}.Release|x86.Build.0 = Release|Any CPU
	EndGlobalSection
	GlobalSection(SolutionProperties) = preSolution
		HideSolutionNode = FALSE
	EndGlobalSection
	GlobalSection(NestedProjects) = preSolution
		{54CD8587-0F45-2C2C-7AE4-BB92254202F5} = {21B44B34-1D47-1312-99D7-9BFB05A71085}
		{619FEF78-F55D-0C82-D550-19C61C0C0537} = {5D20AA90-6969-D8BD-9DCD-8634F4692FDA}
		{F5453F81-E4B3-E151-C516-DCFC443B6AAA} = {619FEF78-F55D-0C82-D550-19C61C0C0537}
		{EC98B9AF-8F6B-031B-6411-8577A30C6358} = {619FEF78-F55D-0C82-D550-19C61C0C0537}
		{1E506116-D3A9-5444-9943-9F984DB86E10} = {5D20AA90-6969-D8BD-9DCD-8634F4692FDA}
		{FBD6A4A5-3E27-FD0A-4207-87679B033989} = {5D20AA90-6969-D8BD-9DCD-8634F4692FDA}
		{304111A3-5DA8-49F0-ED7D-EC16F0AFE287} = {FBD6A4A5-3E27-FD0A-4207-87679B033989}
		{1779E981-39DE-10BB-B5C8-D0B7BAEC67B9} = {304111A3-5DA8-49F0-ED7D-EC16F0AFE287}
		{20CD43DA-9B28-5C15-AEC8-7E8D9F72B812} = {304111A3-5DA8-49F0-ED7D-EC16F0AFE287}
		{AD48D992-C541-CC56-41B7-70254729C985} = {FBD6A4A5-3E27-FD0A-4207-87679B033989}
		{C764F355-394F-0BBC-39E6-146293B4F25C} = {AD48D992-C541-CC56-41B7-70254729C985}
		{B98CB571-1C57-76BC-AE67-F9C20FA7F298} = {AD48D992-C541-CC56-41B7-70254729C985}
		{640181B6-B5AC-1C43-D47A-EE907D9AF004} = {AD48D992-C541-CC56-41B7-70254729C985}
		{A72F93D2-AEA9-1720-66B9-0A1AC2BB3C3B} = {AD48D992-C541-CC56-41B7-70254729C985}
		{58D752E2-8BB6-0D20-65DB-1594F553997E} = {AD48D992-C541-CC56-41B7-70254729C985}
		{CAE3880D-9E3D-8023-26BE-8AAD16E697AB} = {FBD6A4A5-3E27-FD0A-4207-87679B033989}
		{E85CABED-D8CD-2895-5285-9B6AA5507EFC} = {CAE3880D-9E3D-8023-26BE-8AAD16E697AB}
		{48864ED8-BD74-6B9F-85D0-4A1F0A8EA10D} = {CAE3880D-9E3D-8023-26BE-8AAD16E697AB}
		{A8DC818F-AA5F-C313-3DF1-928D8E4B0A02} = {CAE3880D-9E3D-8023-26BE-8AAD16E697AB}
		{68483975-28EB-06EE-FCF9-5FAC48220FB9} = {FBD6A4A5-3E27-FD0A-4207-87679B033989}
		{85121E88-A238-6CD7-0648-2AA45A7EE4FD} = {68483975-28EB-06EE-FCF9-5FAC48220FB9}
		{56BB41AD-FC91-A5EC-D6D2-57978F310120} = {5D20AA90-6969-D8BD-9DCD-8634F4692FDA}
		{48F40B44-1B39-3F77-468F-8962A0FA59FE} = {56BB41AD-FC91-A5EC-D6D2-57978F310120}
		{166E1005-4C41-7CF5-6656-9CFCBB9DE8B5} = {48F40B44-1B39-3F77-468F-8962A0FA59FE}
		{1EAD3A26-B387-DE79-F2C3-57F885CD2D13} = {48F40B44-1B39-3F77-468F-8962A0FA59FE}
		{539E44CB-A709-A281-4871-F6F8A4C11F92} = {48F40B44-1B39-3F77-468F-8962A0FA59FE}
		{47FF445A-5ECE-0D42-77D1-FBC8D31B301F} = {48F40B44-1B39-3F77-468F-8962A0FA59FE}
		{F3A98127-9FCF-6B18-D795-8BD6717331F9} = {47FF445A-5ECE-0D42-77D1-FBC8D31B301F}
		{76F91F52-6E7B-3A21-63A1-345660DB3FEB} = {47FF445A-5ECE-0D42-77D1-FBC8D31B301F}
		{E5A11A40-C741-8D14-9140-04C0FC6AF6C7} = {47FF445A-5ECE-0D42-77D1-FBC8D31B301F}
		{1CB20A2D-8C42-CF0D-6043-5164D9A2BF96} = {56BB41AD-FC91-A5EC-D6D2-57978F310120}
		{17C01ED0-1106-55A3-FAED-926F52FA5F0E} = {1CB20A2D-8C42-CF0D-6043-5164D9A2BF96}
		{18C6C9D9-EB9F-55D9-4DF2-5D47AC39BF01} = {1CB20A2D-8C42-CF0D-6043-5164D9A2BF96}
		{5092C1C9-BCDC-DE1A-71D1-8643B161F9B7} = {1CB20A2D-8C42-CF0D-6043-5164D9A2BF96}
		{0D274948-6B5F-9589-E43C-B2D71C41FABF} = {1CB20A2D-8C42-CF0D-6043-5164D9A2BF96}
		{7D367D47-A4D1-6FC0-34D4-86BCEA92990B} = {1CB20A2D-8C42-CF0D-6043-5164D9A2BF96}
		{9705C0A1-E9AB-AEE0-6FD1-9EDF62A78620} = {56BB41AD-FC91-A5EC-D6D2-57978F310120}
		{CCFA0357-9423-1ABB-722A-B7A5E88A30B5} = {9705C0A1-E9AB-AEE0-6FD1-9EDF62A78620}
		{53C0ADD3-A1A3-5A10-0CA0-8B01BA39F2B9} = {9705C0A1-E9AB-AEE0-6FD1-9EDF62A78620}
		{A8732A47-07D4-8D47-C5B6-F97BD3E38958} = {5D20AA90-6969-D8BD-9DCD-8634F4692FDA}
		{C9D48D85-AABB-C41F-1ECF-CC1A9FDD3DF2} = {A8732A47-07D4-8D47-C5B6-F97BD3E38958}
		{C5775D51-B206-2F8D-82ED-413CE0884BCC} = {C9D48D85-AABB-C41F-1ECF-CC1A9FDD3DF2}
		{DA97FAC3-C442-357D-BF7E-ADBD4F4F3FE8} = {C9D48D85-AABB-C41F-1ECF-CC1A9FDD3DF2}
		{EBBFE2C0-E114-519F-F3FF-F7B851566DF1} = {C9D48D85-AABB-C41F-1ECF-CC1A9FDD3DF2}
		{F8BA3D53-DCD5-42A4-56A5-971893F60D14} = {C9D48D85-AABB-C41F-1ECF-CC1A9FDD3DF2}
		{FDEA7AA6-FCA2-19F5-0D6A-3AB590BA599E} = {C9D48D85-AABB-C41F-1ECF-CC1A9FDD3DF2}
		{8769A8B1-559C-17A5-949B-762ECC85561D} = {FDEA7AA6-FCA2-19F5-0D6A-3AB590BA599E}
		{92EF0D72-E239-6E7D-0DE7-4B4188082D0A} = {FDEA7AA6-FCA2-19F5-0D6A-3AB590BA599E}
		{DA7A3683-2913-76F1-7A13-35A0765F6CA1} = {FDEA7AA6-FCA2-19F5-0D6A-3AB590BA599E}
		{1EDEE56C-4E5B-5153-E988-38698733D7A4} = {A8732A47-07D4-8D47-C5B6-F97BD3E38958}
		{4CB35174-4DE8-EAE1-7AD3-1AB401DF374A} = {1EDEE56C-4E5B-5153-E988-38698733D7A4}
		{175C2EF4-9EBF-1E78-03BD-A1B569B79218} = {1EDEE56C-4E5B-5153-E988-38698733D7A4}
		{2F4DF929-C4B2-4A11-E2A7-13E4EC355269} = {1EDEE56C-4E5B-5153-E988-38698733D7A4}
		{60D956AA-3030-FB48-423C-F561A8157E30} = {1EDEE56C-4E5B-5153-E988-38698733D7A4}
		{FE53E0A4-0616-B5A4-61FB-B03BB5DC12C1} = {A8732A47-07D4-8D47-C5B6-F97BD3E38958}
		{88D83B9E-144B-54B9-421D-13C133018F24} = {FE53E0A4-0616-B5A4-61FB-B03BB5DC12C1}
		{D1281655-C259-3F9B-6488-B2410D6DF57F} = {FE53E0A4-0616-B5A4-61FB-B03BB5DC12C1}
		{0BBBAE84-A1E5-F706-9594-4D20E7D98A18} = {827E0CD3-B72D-47B6-A68D-7590B98EB39B}
		{F513E16A-CF34-5ADE-3761-FD2DAC95DC62} = {827E0CD3-B72D-47B6-A68D-7590B98EB39B}
		{E465AC32-F652-0D7E-EA24-6381795F6CE6} = {827E0CD3-B72D-47B6-A68D-7590B98EB39B}
		{DDB7BF96-B196-1349-2365-96B92D22E462} = {827E0CD3-B72D-47B6-A68D-7590B98EB39B}
		{DCC0817E-82E5-F60F-672D-BF676943856B} = {827E0CD3-B72D-47B6-A68D-7590B98EB39B}
		{63625656-266F-B022-3716-673440A174B7} = {827E0CD3-B72D-47B6-A68D-7590B98EB39B}
		{84B1747F-EAF7-21FE-99AA-6CD94A6E0B2A} = {827E0CD3-B72D-47B6-A68D-7590B98EB39B}
		{5332C95F-AD2E-210A-C886-EE3558C32C84} = {827E0CD3-B72D-47B6-A68D-7590B98EB39B}
		{4F60D4D7-9148-13C9-65DA-ECEDC5BC3F29} = {827E0CD3-B72D-47B6-A68D-7590B98EB39B}
		{D4AB5CFD-8801-3E3F-8CB8-263153F40433} = {827E0CD3-B72D-47B6-A68D-7590B98EB39B}
		{B4477709-42B4-DFA5-C2A3-FFA992FFE987} = {827E0CD3-B72D-47B6-A68D-7590B98EB39B}
		{1FFB81E3-A31C-6B19-5C5F-8280AE93E4D6} = {827E0CD3-B72D-47B6-A68D-7590B98EB39B}
		{98CBE19B-8104-EB02-8665-3ABB229DF5EB} = {827E0CD3-B72D-47B6-A68D-7590B98EB39B}
		{D62233CD-2291-4BA0-AD10-89FC9883680C} = {827E0CD3-B72D-47B6-A68D-7590B98EB39B}
		{19AFCE8B-DCDC-3E7C-CCEA-871CA8FE7BCB} = {827E0CD3-B72D-47B6-A68D-7590B98EB39B}
		{8EE9ECD8-881C-BEF2-0469-04677F568C42} = {827E0CD3-B72D-47B6-A68D-7590B98EB39B}
		{1AF913D7-D97C-80F3-FC0E-504FFB2701BE} = {827E0CD3-B72D-47B6-A68D-7590B98EB39B}
		{31603E1B-EC57-22BC-02BC-224C7325B83F} = {0AB3BF05-4346-4AA6-1389-037BE0695223}
		{3C6151E0-F611-2745-CC98-42B5135617BC} = {0AB3BF05-4346-4AA6-1389-037BE0695223}
		{23742F88-E0B2-7CA5-7691-C3EF53523E9D} = {0AB3BF05-4346-4AA6-1389-037BE0695223}
		{D84A3AB7-A7E5-7494-2B0F-354D13ECA3BE} = {0AB3BF05-4346-4AA6-1389-037BE0695223}
		{41AAEF6D-5CCE-D8F3-B0C8-CF6DA946688B} = {0AB3BF05-4346-4AA6-1389-037BE0695223}
		{4F295E1D-7477-C433-BC02-0C050B7CB8DD} = {0AB3BF05-4346-4AA6-1389-037BE0695223}
		{8753614D-FCC0-2C9A-19C4-A69D9377D8A8} = {0AB3BF05-4346-4AA6-1389-037BE0695223}
		{69DBD2DB-3C8F-15DB-9257-10DC2A6218B9} = {0AB3BF05-4346-4AA6-1389-037BE0695223}
		{785A2E76-A3EB-DD33-5D45-976D353154BE} = {0AB3BF05-4346-4AA6-1389-037BE0695223}
		{A39BD9B4-3AFF-AA11-9B67-783E77F1EF35} = {0AB3BF05-4346-4AA6-1389-037BE0695223}
		{6A678CFE-284B-9C38-06DD-96E39315EFE9} = {0AB3BF05-4346-4AA6-1389-037BE0695223}
		{26896B30-18EB-B25F-2CA1-AA66185F4B33} = {0AB3BF05-4346-4AA6-1389-037BE0695223}
		{397CFAD6-B04D-C63E-879B-1CA169A8F75A} = {0AB3BF05-4346-4AA6-1389-037BE0695223}
		{83A80E50-2E50-573B-6336-4508D9E4BF30} = {0AB3BF05-4346-4AA6-1389-037BE0695223}
		{6F99B103-83BD-C345-0B37-B1AF60DEA827} = {0AB3BF05-4346-4AA6-1389-037BE0695223}
		{46503D23-225E-1D7F-C8D5-60320D711B10} = {07C2787E-EAC7-C090-1BA3-A61EC2A24D84}
	EndGlobalSection
EndGlobal
